
Microsoft Visual Studio Solution File, Format Version 12.00
Project("{2150E333-8FDC-42A3-9474-1A3956D46DE8}") = "Solution Items", "Solution Items", "{CD45B216-6211-42CF-922B-7145CB050457}"
ProjectSection(SolutionItems) = preProject
	Directory.Build.props = Directory.Build.props
	.editorconfig = .editorconfig
	skaffold.yaml = skaffold.yaml
EndProjectSection
EndProject
Project("{FAE04EC0-301F-11D3-BF4B-00C04F79EFBC}") = "Budgeting.Domain", "src\Services\Budgeting\Budgeting.Domain\Budgeting.Domain.csproj", "{B8905A6D-15E6-458A-89F6-63C7795792F1}"
EndProject
Project("{FAE04EC0-301F-11D3-BF4B-00C04F79EFBC}") = "Budgeting.UnitTests", "src\Services\Budgeting\Budgeting.UnitTests\Budgeting.UnitTests.csproj", "{5343E86C-A6D9-4161-8D96-307AEB9D8986}"
EndProject
Project("{FAE04EC0-301F-11D3-BF4B-00C04F79EFBC}") = "Budgeting.FunctionalTests", "src\Services\Budgeting\Budgeting.FunctionalTests\Budgeting.FunctionalTests.csproj", "{4B6D6015-E492-4042-BCAF-3426184B034D}"
EndProject
Project("{FAE04EC0-301F-11D3-BF4B-00C04F79EFBC}") = "Budgeting.Infrastructure", "src\Services\Budgeting\Budgeting.Infrastructure\Budgeting.Infrastructure.csproj", "{6D5E8F88-6580-42EF-AD7E-478D2BECB724}"
EndProject
Project("{FAE04EC0-301F-11D3-BF4B-00C04F79EFBC}") = "Budgeting.Application", "src\Services\Budgeting\Budgeting.Application\Budgeting.Application.csproj", "{91FDBA4C-C0E8-4ADE-96D4-C6ED33073166}"
EndProject
Project("{FAE04EC0-301F-11D3-BF4B-00C04F79EFBC}") = "Framework.SeedWork", "src\BuildingBlocks\Framework.SeedWork\Framework.SeedWork.csproj", "{D9F1BF2F-2787-4474-A772-BA1F0208FB7D}"
EndProject
Project("{FAE04EC0-301F-11D3-BF4B-00C04F79EFBC}") = "Budgeting.API", "src\Services\Budgeting\Budgeting.API\Budgeting.API.csproj", "{9D85B750-3B14-447B-A180-EE48ACB0578C}"
EndProject
Project("{2150E333-8FDC-42A3-9474-1A3956D46DE8}") = "src", "src", "{D656D1B9-4F13-4BAB-9117-60F22C30F331}"
EndProject
Project("{2150E333-8FDC-42A3-9474-1A3956D46DE8}") = "Services", "Services", "{DA66D2E5-2B59-456D-AA54-2AA9D7A5A490}"
EndProject
Project("{2150E333-8FDC-42A3-9474-1A3956D46DE8}") = "Budgeting", "Budgeting", "{FE4F367A-F8F3-4DF5-800E-9EBEAA0F53F9}"
EndProject
Project("{2150E333-8FDC-42A3-9474-1A3956D46DE8}") = "tests", "tests", "{22F067DA-DB97-4384-BE3B-888DF0312DAE}"
EndProject
Project("{2150E333-8FDC-42A3-9474-1A3956D46DE8}") = "BuildingBlocks", "BuildingBlocks", "{BC1AAE8B-FDB2-4017-B565-81125E6D4E12}"
EndProject
Project("{FAE04EC0-301F-11D3-BF4B-00C04F79EFBC}") = "Framework.Dapper.SeedWork", "src\BuildingBlocks\Framework.Dapper.SeedWork\Framework.Dapper.SeedWork.csproj", "{29315276-9B27-4800-8055-9F805FAA0D63}"
EndProject
Project("{2150E333-8FDC-42A3-9474-1A3956D46DE8}") = "Web", "Web", "{0526B4D2-6222-48B1-86F3-8381B4BA2EC3}"
EndProject
Project("{FAE04EC0-301F-11D3-BF4B-00C04F79EFBC}") = "Holefeeder.Web", "src\Web\Holefeeder.Web\Holefeeder.Web.csproj", "{B154B02F-A94F-48DE-932C-ECE05C7C060F}"
EndProject
Project("{2150E333-8FDC-42A3-9474-1A3956D46DE8}") = "Api", "Api", "{27E3AB79-F887-43E4-9B35-B50896E342B3}"
EndProject
Project("{FAE04EC0-301F-11D3-BF4B-00C04F79EFBC}") = "Holefeeder.Api", "src\Api\Holefeeder.Api\Holefeeder.Api.csproj", "{22592339-C76D-4333-A6D4-8637151679DC}"
EndProject
Project("{FAE04EC0-301F-11D3-BF4B-00C04F79EFBC}") = "Holefeeder.Domain", "src\Api\Holefeeder.Domain\Holefeeder.Domain.csproj", "{9BFDAC55-833F-488B-B916-94A50A10643D}"
EndProject
Project("{2150E333-8FDC-42A3-9474-1A3956D46DE8}") = "tests", "tests", "{FB73B8D7-5BEA-42E2-9C29-C2A216EC05F9}"
EndProject
Project("{FAE04EC0-301F-11D3-BF4B-00C04F79EFBC}") = "Holefeeder.UnitTests", "src\Api\Holefeeder.UnitTests\Holefeeder.UnitTests.csproj", "{31DC17D0-2B2A-4423-BD4F-6D213A587FE9}"
EndProject
Project("{FAE04EC0-301F-11D3-BF4B-00C04F79EFBC}") = "Holefeeder.Infrastructure", "src\Api\Holefeeder.Infrastructure\Holefeeder.Infrastructure.csproj", "{5689DDB7-524C-4C21-A1E5-28961BBB7EDB}"
EndProject
Project("{FAE04EC0-301F-11D3-BF4B-00C04F79EFBC}") = "Holefeeder.Application", "src\Api\Holefeeder.Application\Holefeeder.Application.csproj", "{C5022D8A-7D39-45BD-AEC9-82AE335602B0}"
EndProject
Project("{FAE04EC0-301F-11D3-BF4B-00C04F79EFBC}") = "Holefeeder.FunctionalTests", "src\Api\Holefeeder.FunctionalTests\Holefeeder.FunctionalTests.csproj", "{5A2A8D99-6B97-47A8-AB46-1BA04D201879}"
EndProject
Global
	GlobalSection(SolutionConfigurationPlatforms) = preSolution
		Debug|Any CPU = Debug|Any CPU
		Release|Any CPU = Release|Any CPU
	EndGlobalSection
	GlobalSection(ProjectConfigurationPlatforms) = postSolution
		{B8905A6D-15E6-458A-89F6-63C7795792F1}.Debug|Any CPU.ActiveCfg = Debug|Any CPU
		{B8905A6D-15E6-458A-89F6-63C7795792F1}.Debug|Any CPU.Build.0 = Debug|Any CPU
		{B8905A6D-15E6-458A-89F6-63C7795792F1}.Release|Any CPU.ActiveCfg = Release|Any CPU
		{B8905A6D-15E6-458A-89F6-63C7795792F1}.Release|Any CPU.Build.0 = Release|Any CPU
		{5343E86C-A6D9-4161-8D96-307AEB9D8986}.Debug|Any CPU.ActiveCfg = Debug|Any CPU
		{5343E86C-A6D9-4161-8D96-307AEB9D8986}.Debug|Any CPU.Build.0 = Debug|Any CPU
		{5343E86C-A6D9-4161-8D96-307AEB9D8986}.Release|Any CPU.ActiveCfg = Release|Any CPU
		{5343E86C-A6D9-4161-8D96-307AEB9D8986}.Release|Any CPU.Build.0 = Release|Any CPU
		{4B6D6015-E492-4042-BCAF-3426184B034D}.Debug|Any CPU.ActiveCfg = Debug|Any CPU
		{4B6D6015-E492-4042-BCAF-3426184B034D}.Debug|Any CPU.Build.0 = Debug|Any CPU
		{4B6D6015-E492-4042-BCAF-3426184B034D}.Release|Any CPU.ActiveCfg = Release|Any CPU
		{4B6D6015-E492-4042-BCAF-3426184B034D}.Release|Any CPU.Build.0 = Release|Any CPU
		{6D5E8F88-6580-42EF-AD7E-478D2BECB724}.Debug|Any CPU.ActiveCfg = Debug|Any CPU
		{6D5E8F88-6580-42EF-AD7E-478D2BECB724}.Debug|Any CPU.Build.0 = Debug|Any CPU
		{6D5E8F88-6580-42EF-AD7E-478D2BECB724}.Release|Any CPU.ActiveCfg = Release|Any CPU
		{6D5E8F88-6580-42EF-AD7E-478D2BECB724}.Release|Any CPU.Build.0 = Release|Any CPU
		{91FDBA4C-C0E8-4ADE-96D4-C6ED33073166}.Debug|Any CPU.ActiveCfg = Debug|Any CPU
		{91FDBA4C-C0E8-4ADE-96D4-C6ED33073166}.Debug|Any CPU.Build.0 = Debug|Any CPU
		{91FDBA4C-C0E8-4ADE-96D4-C6ED33073166}.Release|Any CPU.ActiveCfg = Release|Any CPU
		{91FDBA4C-C0E8-4ADE-96D4-C6ED33073166}.Release|Any CPU.Build.0 = Release|Any CPU
		{D9F1BF2F-2787-4474-A772-BA1F0208FB7D}.Debug|Any CPU.ActiveCfg = Debug|Any CPU
		{D9F1BF2F-2787-4474-A772-BA1F0208FB7D}.Debug|Any CPU.Build.0 = Debug|Any CPU
		{D9F1BF2F-2787-4474-A772-BA1F0208FB7D}.Release|Any CPU.ActiveCfg = Release|Any CPU
		{D9F1BF2F-2787-4474-A772-BA1F0208FB7D}.Release|Any CPU.Build.0 = Release|Any CPU
		{9D85B750-3B14-447B-A180-EE48ACB0578C}.Debug|Any CPU.ActiveCfg = Debug|Any CPU
		{9D85B750-3B14-447B-A180-EE48ACB0578C}.Debug|Any CPU.Build.0 = Debug|Any CPU
		{9D85B750-3B14-447B-A180-EE48ACB0578C}.Release|Any CPU.ActiveCfg = Release|Any CPU
		{9D85B750-3B14-447B-A180-EE48ACB0578C}.Release|Any CPU.Build.0 = Release|Any CPU
		{29315276-9B27-4800-8055-9F805FAA0D63}.Debug|Any CPU.ActiveCfg = Debug|Any CPU
		{29315276-9B27-4800-8055-9F805FAA0D63}.Debug|Any CPU.Build.0 = Debug|Any CPU
		{29315276-9B27-4800-8055-9F805FAA0D63}.Release|Any CPU.ActiveCfg = Release|Any CPU
		{29315276-9B27-4800-8055-9F805FAA0D63}.Release|Any CPU.Build.0 = Release|Any CPU
		{B154B02F-A94F-48DE-932C-ECE05C7C060F}.Debug|Any CPU.ActiveCfg = Debug|Any CPU
		{B154B02F-A94F-48DE-932C-ECE05C7C060F}.Debug|Any CPU.Build.0 = Debug|Any CPU
		{B154B02F-A94F-48DE-932C-ECE05C7C060F}.Release|Any CPU.ActiveCfg = Release|Any CPU
		{B154B02F-A94F-48DE-932C-ECE05C7C060F}.Release|Any CPU.Build.0 = Release|Any CPU
		{22592339-C76D-4333-A6D4-8637151679DC}.Debug|Any CPU.ActiveCfg = Debug|Any CPU
		{22592339-C76D-4333-A6D4-8637151679DC}.Debug|Any CPU.Build.0 = Debug|Any CPU
		{22592339-C76D-4333-A6D4-8637151679DC}.Release|Any CPU.ActiveCfg = Release|Any CPU
		{22592339-C76D-4333-A6D4-8637151679DC}.Release|Any CPU.Build.0 = Release|Any CPU
		{9BFDAC55-833F-488B-B916-94A50A10643D}.Debug|Any CPU.ActiveCfg = Debug|Any CPU
		{9BFDAC55-833F-488B-B916-94A50A10643D}.Debug|Any CPU.Build.0 = Debug|Any CPU
		{9BFDAC55-833F-488B-B916-94A50A10643D}.Release|Any CPU.ActiveCfg = Release|Any CPU
		{9BFDAC55-833F-488B-B916-94A50A10643D}.Release|Any CPU.Build.0 = Release|Any CPU
		{31DC17D0-2B2A-4423-BD4F-6D213A587FE9}.Debug|Any CPU.ActiveCfg = Debug|Any CPU
		{31DC17D0-2B2A-4423-BD4F-6D213A587FE9}.Debug|Any CPU.Build.0 = Debug|Any CPU
		{31DC17D0-2B2A-4423-BD4F-6D213A587FE9}.Release|Any CPU.ActiveCfg = Release|Any CPU
		{31DC17D0-2B2A-4423-BD4F-6D213A587FE9}.Release|Any CPU.Build.0 = Release|Any CPU
		{5689DDB7-524C-4C21-A1E5-28961BBB7EDB}.Debug|Any CPU.ActiveCfg = Debug|Any CPU
		{5689DDB7-524C-4C21-A1E5-28961BBB7EDB}.Debug|Any CPU.Build.0 = Debug|Any CPU
		{5689DDB7-524C-4C21-A1E5-28961BBB7EDB}.Release|Any CPU.ActiveCfg = Release|Any CPU
		{5689DDB7-524C-4C21-A1E5-28961BBB7EDB}.Release|Any CPU.Build.0 = Release|Any CPU
		{C5022D8A-7D39-45BD-AEC9-82AE335602B0}.Debug|Any CPU.ActiveCfg = Debug|Any CPU
		{C5022D8A-7D39-45BD-AEC9-82AE335602B0}.Debug|Any CPU.Build.0 = Debug|Any CPU
		{C5022D8A-7D39-45BD-AEC9-82AE335602B0}.Release|Any CPU.ActiveCfg = Release|Any CPU
		{C5022D8A-7D39-45BD-AEC9-82AE335602B0}.Release|Any CPU.Build.0 = Release|Any CPU
		{5A2A8D99-6B97-47A8-AB46-1BA04D201879}.Debug|Any CPU.ActiveCfg = Debug|Any CPU
		{5A2A8D99-6B97-47A8-AB46-1BA04D201879}.Debug|Any CPU.Build.0 = Debug|Any CPU
		{5A2A8D99-6B97-47A8-AB46-1BA04D201879}.Release|Any CPU.ActiveCfg = Release|Any CPU
		{5A2A8D99-6B97-47A8-AB46-1BA04D201879}.Release|Any CPU.Build.0 = Release|Any CPU
	EndGlobalSection
	GlobalSection(SolutionProperties) = preSolution
		HideSolutionNode = FALSE
	EndGlobalSection
	GlobalSection(NestedProjects) = preSolution
		{DA66D2E5-2B59-456D-AA54-2AA9D7A5A490} = {D656D1B9-4F13-4BAB-9117-60F22C30F331}
		{FE4F367A-F8F3-4DF5-800E-9EBEAA0F53F9} = {DA66D2E5-2B59-456D-AA54-2AA9D7A5A490}
		{22F067DA-DB97-4384-BE3B-888DF0312DAE} = {FE4F367A-F8F3-4DF5-800E-9EBEAA0F53F9}
		{9D85B750-3B14-447B-A180-EE48ACB0578C} = {FE4F367A-F8F3-4DF5-800E-9EBEAA0F53F9}
		{6D5E8F88-6580-42EF-AD7E-478D2BECB724} = {FE4F367A-F8F3-4DF5-800E-9EBEAA0F53F9}
		{91FDBA4C-C0E8-4ADE-96D4-C6ED33073166} = {FE4F367A-F8F3-4DF5-800E-9EBEAA0F53F9}
		{B8905A6D-15E6-458A-89F6-63C7795792F1} = {FE4F367A-F8F3-4DF5-800E-9EBEAA0F53F9}
		{BC1AAE8B-FDB2-4017-B565-81125E6D4E12} = {D656D1B9-4F13-4BAB-9117-60F22C30F331}
		{D9F1BF2F-2787-4474-A772-BA1F0208FB7D} = {BC1AAE8B-FDB2-4017-B565-81125E6D4E12}
		{5343E86C-A6D9-4161-8D96-307AEB9D8986} = {22F067DA-DB97-4384-BE3B-888DF0312DAE}
		{4B6D6015-E492-4042-BCAF-3426184B034D} = {22F067DA-DB97-4384-BE3B-888DF0312DAE}
		{29315276-9B27-4800-8055-9F805FAA0D63} = {BC1AAE8B-FDB2-4017-B565-81125E6D4E12}
		{0526B4D2-6222-48B1-86F3-8381B4BA2EC3} = {D656D1B9-4F13-4BAB-9117-60F22C30F331}
		{B154B02F-A94F-48DE-932C-ECE05C7C060F} = {0526B4D2-6222-48B1-86F3-8381B4BA2EC3}
		{27E3AB79-F887-43E4-9B35-B50896E342B3} = {D656D1B9-4F13-4BAB-9117-60F22C30F331}
		{22592339-C76D-4333-A6D4-8637151679DC} = {27E3AB79-F887-43E4-9B35-B50896E342B3}
		{9BFDAC55-833F-488B-B916-94A50A10643D} = {27E3AB79-F887-43E4-9B35-B50896E342B3}
		{FB73B8D7-5BEA-42E2-9C29-C2A216EC05F9} = {27E3AB79-F887-43E4-9B35-B50896E342B3}
		{31DC17D0-2B2A-4423-BD4F-6D213A587FE9} = {FB73B8D7-5BEA-42E2-9C29-C2A216EC05F9}
		{5689DDB7-524C-4C21-A1E5-28961BBB7EDB} = {27E3AB79-F887-43E4-9B35-B50896E342B3}
		{C5022D8A-7D39-45BD-AEC9-82AE335602B0} = {27E3AB79-F887-43E4-9B35-B50896E342B3}
		{5A2A8D99-6B97-47A8-AB46-1BA04D201879} = {FB73B8D7-5BEA-42E2-9C29-C2A216EC05F9}
	EndGlobalSection
	GlobalSection(ExtensibilityGlobals) = postSolution
		SolutionGuid = {083F9D38-7496-44CA-B1E2-9C04BA3DD0A6}
	EndGlobalSection
EndGlobal
