
Microsoft Visual Studio Solution File, Format Version 12.00
Project("{2150E333-8FDC-42A3-9474-1A3956D46DE8}") = "Solution Items", "Solution Items", "{CD45B216-6211-42CF-922B-7145CB050457}"
ProjectSection(SolutionItems) = preProject
	Directory.Build.props = Directory.Build.props
	.editorconfig = .editorconfig
	skaffold.yaml = skaffold.yaml
EndProjectSection
EndProject
Project("{FAE04EC0-301F-11D3-BF4B-00C04F79EFBC}") = "Budgeting.Domain", "src\Services\Budgeting\Budgeting.Domain\Budgeting.Domain.csproj", "{B8905A6D-15E6-458A-89F6-63C7795792F1}"
EndProject
Project("{FAE04EC0-301F-11D3-BF4B-00C04F79EFBC}") = "Budgeting.UnitTests", "src\Services\Budgeting\Budgeting.UnitTests\Budgeting.UnitTests.csproj", "{5343E86C-A6D9-4161-8D96-307AEB9D8986}"
EndProject
Project("{FAE04EC0-301F-11D3-BF4B-00C04F79EFBC}") = "Budgeting.FunctionalTests", "src\Services\Budgeting\Budgeting.FunctionalTests\Budgeting.FunctionalTests.csproj", "{4B6D6015-E492-4042-BCAF-3426184B034D}"
EndProject
Project("{FAE04EC0-301F-11D3-BF4B-00C04F79EFBC}") = "Budgeting.Infrastructure", "src\Services\Budgeting\Budgeting.Infrastructure\Budgeting.Infrastructure.csproj", "{6D5E8F88-6580-42EF-AD7E-478D2BECB724}"
EndProject
Project("{FAE04EC0-301F-11D3-BF4B-00C04F79EFBC}") = "Web.Gateway", "src\ApiGateways\Web.Gateway\Web.Gateway.csproj", "{5944C370-C514-4C05-B765-7473DD654678}"
EndProject
Project("{FAE04EC0-301F-11D3-BF4B-00C04F79EFBC}") = "Budgeting.Application", "src\Services\Budgeting\Budgeting.Application\Budgeting.Application.csproj", "{91FDBA4C-C0E8-4ADE-96D4-C6ED33073166}"
EndProject
Project("{FAE04EC0-301F-11D3-BF4B-00C04F79EFBC}") = "Framework.SeedWork", "src\BuildingBlocks\Framework.SeedWork\Framework.SeedWork.csproj", "{D9F1BF2F-2787-4474-A772-BA1F0208FB7D}"
EndProject
Project("{FAE04EC0-301F-11D3-BF4B-00C04F79EFBC}") = "Budgeting.API", "src\Services\Budgeting\Budgeting.API\Budgeting.API.csproj", "{9D85B750-3B14-447B-A180-EE48ACB0578C}"
EndProject
Project("{2150E333-8FDC-42A3-9474-1A3956D46DE8}") = "src", "src", "{D656D1B9-4F13-4BAB-9117-60F22C30F331}"
EndProject
Project("{2150E333-8FDC-42A3-9474-1A3956D46DE8}") = "ApiGateways", "ApiGateways", "{42EDE4F6-F2C1-443B-B3BD-9AC0108635B7}"
EndProject
Project("{2150E333-8FDC-42A3-9474-1A3956D46DE8}") = "Services", "Services", "{DA66D2E5-2B59-456D-AA54-2AA9D7A5A490}"
EndProject
Project("{2150E333-8FDC-42A3-9474-1A3956D46DE8}") = "Budgeting", "Budgeting", "{FE4F367A-F8F3-4DF5-800E-9EBEAA0F53F9}"
EndProject
Project("{2150E333-8FDC-42A3-9474-1A3956D46DE8}") = "tests", "tests", "{22F067DA-DB97-4384-BE3B-888DF0312DAE}"
EndProject
Project("{2150E333-8FDC-42A3-9474-1A3956D46DE8}") = "BuildingBlocks", "BuildingBlocks", "{BC1AAE8B-FDB2-4017-B565-81125E6D4E12}"
EndProject
Project("{2150E333-8FDC-42A3-9474-1A3956D46DE8}") = "ObjectStore", "ObjectStore", "{BE907AE8-813D-4E29-986E-79AF5E16445E}"
EndProject
Project("{2150E333-8FDC-42A3-9474-1A3956D46DE8}") = "tests", "tests", "{9BB6DD3A-EA4A-47D8-AD27-D53CB520A2AA}"
EndProject
Project("{FAE04EC0-301F-11D3-BF4B-00C04F79EFBC}") = "ObjectStore.API", "src\Services\ObjectStore\ObjectStore.API\ObjectStore.API.csproj", "{F31C69B1-4FDA-4E49-AA24-FE47FF48EF4A}"
EndProject
Project("{FAE04EC0-301F-11D3-BF4B-00C04F79EFBC}") = "ObjectStore.Infrastructure", "src\Services\ObjectStore\ObjectStore.Infrastructure\ObjectStore.Infrastructure.csproj", "{34FBAD42-E924-4149-9ACE-E0FB092FAE4F}"
EndProject
Project("{FAE04EC0-301F-11D3-BF4B-00C04F79EFBC}") = "ObjectStore.Domain", "src\Services\ObjectStore\ObjectStore.Domain\ObjectStore.Domain.csproj", "{67E0C0DA-69ED-4896-B237-5BE0DD026922}"
EndProject
Project("{FAE04EC0-301F-11D3-BF4B-00C04F79EFBC}") = "ObjectStore.UnitTests", "src\Services\ObjectStore\ObjectStore.UnitTests\ObjectStore.UnitTests.csproj", "{9BBD08CE-28EC-4654-80B5-57345539B071}"
EndProject
Project("{FAE04EC0-301F-11D3-BF4B-00C04F79EFBC}") = "ObjectStore.FunctionalTests", "src\Services\ObjectStore\ObjectStore.FunctionalTests\ObjectStore.FunctionalTests.csproj", "{74AB8845-87EE-4FA0-83FB-152BAD819014}"
EndProject
Project("{FAE04EC0-301F-11D3-BF4B-00C04F79EFBC}") = "ObjectStore.Application", "src\Services\ObjectStore\ObjectStore.Application\ObjectStore.Application.csproj", "{0A3AB0B4-9E22-4A72-BE31-77CDBA7FBCDD}"
EndProject
Project("{FAE04EC0-301F-11D3-BF4B-00C04F79EFBC}") = "Framework.Dapper.SeedWork", "src\BuildingBlocks\Framework.Dapper.SeedWork\Framework.Dapper.SeedWork.csproj", "{29315276-9B27-4800-8055-9F805FAA0D63}"
EndProject
Project("{2150E333-8FDC-42A3-9474-1A3956D46DE8}") = "Web", "Web", "{0526B4D2-6222-48B1-86F3-8381B4BA2EC3}"
EndProject
Project("{FAE04EC0-301F-11D3-BF4B-00C04F79EFBC}") = "Holefeeder.Web", "src\Web\Holefeeder.Web\Holefeeder.Web.csproj", "{B154B02F-A94F-48DE-932C-ECE05C7C060F}"
EndProject
Global
	GlobalSection(SolutionConfigurationPlatforms) = preSolution
		Debug|Any CPU = Debug|Any CPU
		Release|Any CPU = Release|Any CPU
	EndGlobalSection
	GlobalSection(ProjectConfigurationPlatforms) = postSolution
		{B8905A6D-15E6-458A-89F6-63C7795792F1}.Debug|Any CPU.ActiveCfg = Debug|Any CPU
		{B8905A6D-15E6-458A-89F6-63C7795792F1}.Debug|Any CPU.Build.0 = Debug|Any CPU
		{B8905A6D-15E6-458A-89F6-63C7795792F1}.Release|Any CPU.ActiveCfg = Release|Any CPU
		{B8905A6D-15E6-458A-89F6-63C7795792F1}.Release|Any CPU.Build.0 = Release|Any CPU
		{5343E86C-A6D9-4161-8D96-307AEB9D8986}.Debug|Any CPU.ActiveCfg = Debug|Any CPU
		{5343E86C-A6D9-4161-8D96-307AEB9D8986}.Debug|Any CPU.Build.0 = Debug|Any CPU
		{5343E86C-A6D9-4161-8D96-307AEB9D8986}.Release|Any CPU.ActiveCfg = Release|Any CPU
		{5343E86C-A6D9-4161-8D96-307AEB9D8986}.Release|Any CPU.Build.0 = Release|Any CPU
		{4B6D6015-E492-4042-BCAF-3426184B034D}.Debug|Any CPU.ActiveCfg = Debug|Any CPU
		{4B6D6015-E492-4042-BCAF-3426184B034D}.Debug|Any CPU.Build.0 = Debug|Any CPU
		{4B6D6015-E492-4042-BCAF-3426184B034D}.Release|Any CPU.ActiveCfg = Release|Any CPU
		{4B6D6015-E492-4042-BCAF-3426184B034D}.Release|Any CPU.Build.0 = Release|Any CPU
		{6D5E8F88-6580-42EF-AD7E-478D2BECB724}.Debug|Any CPU.ActiveCfg = Debug|Any CPU
		{6D5E8F88-6580-42EF-AD7E-478D2BECB724}.Debug|Any CPU.Build.0 = Debug|Any CPU
		{6D5E8F88-6580-42EF-AD7E-478D2BECB724}.Release|Any CPU.ActiveCfg = Release|Any CPU
		{6D5E8F88-6580-42EF-AD7E-478D2BECB724}.Release|Any CPU.Build.0 = Release|Any CPU
		{5944C370-C514-4C05-B765-7473DD654678}.Debug|Any CPU.ActiveCfg = Debug|Any CPU
		{5944C370-C514-4C05-B765-7473DD654678}.Debug|Any CPU.Build.0 = Debug|Any CPU
		{5944C370-C514-4C05-B765-7473DD654678}.Release|Any CPU.ActiveCfg = Release|Any CPU
		{5944C370-C514-4C05-B765-7473DD654678}.Release|Any CPU.Build.0 = Release|Any CPU
		{91FDBA4C-C0E8-4ADE-96D4-C6ED33073166}.Debug|Any CPU.ActiveCfg = Debug|Any CPU
		{91FDBA4C-C0E8-4ADE-96D4-C6ED33073166}.Debug|Any CPU.Build.0 = Debug|Any CPU
		{91FDBA4C-C0E8-4ADE-96D4-C6ED33073166}.Release|Any CPU.ActiveCfg = Release|Any CPU
		{91FDBA4C-C0E8-4ADE-96D4-C6ED33073166}.Release|Any CPU.Build.0 = Release|Any CPU
		{D9F1BF2F-2787-4474-A772-BA1F0208FB7D}.Debug|Any CPU.ActiveCfg = Debug|Any CPU
		{D9F1BF2F-2787-4474-A772-BA1F0208FB7D}.Debug|Any CPU.Build.0 = Debug|Any CPU
		{D9F1BF2F-2787-4474-A772-BA1F0208FB7D}.Release|Any CPU.ActiveCfg = Release|Any CPU
		{D9F1BF2F-2787-4474-A772-BA1F0208FB7D}.Release|Any CPU.Build.0 = Release|Any CPU
		{9D85B750-3B14-447B-A180-EE48ACB0578C}.Debug|Any CPU.ActiveCfg = Debug|Any CPU
		{9D85B750-3B14-447B-A180-EE48ACB0578C}.Debug|Any CPU.Build.0 = Debug|Any CPU
		{9D85B750-3B14-447B-A180-EE48ACB0578C}.Release|Any CPU.ActiveCfg = Release|Any CPU
		{9D85B750-3B14-447B-A180-EE48ACB0578C}.Release|Any CPU.Build.0 = Release|Any CPU
		{F31C69B1-4FDA-4E49-AA24-FE47FF48EF4A}.Debug|Any CPU.ActiveCfg = Debug|Any CPU
		{F31C69B1-4FDA-4E49-AA24-FE47FF48EF4A}.Debug|Any CPU.Build.0 = Debug|Any CPU
		{F31C69B1-4FDA-4E49-AA24-FE47FF48EF4A}.Release|Any CPU.ActiveCfg = Release|Any CPU
		{F31C69B1-4FDA-4E49-AA24-FE47FF48EF4A}.Release|Any CPU.Build.0 = Release|Any CPU
		{34FBAD42-E924-4149-9ACE-E0FB092FAE4F}.Debug|Any CPU.ActiveCfg = Debug|Any CPU
		{34FBAD42-E924-4149-9ACE-E0FB092FAE4F}.Debug|Any CPU.Build.0 = Debug|Any CPU
		{34FBAD42-E924-4149-9ACE-E0FB092FAE4F}.Release|Any CPU.ActiveCfg = Release|Any CPU
		{34FBAD42-E924-4149-9ACE-E0FB092FAE4F}.Release|Any CPU.Build.0 = Release|Any CPU
		{67E0C0DA-69ED-4896-B237-5BE0DD026922}.Debug|Any CPU.ActiveCfg = Debug|Any CPU
		{67E0C0DA-69ED-4896-B237-5BE0DD026922}.Debug|Any CPU.Build.0 = Debug|Any CPU
		{67E0C0DA-69ED-4896-B237-5BE0DD026922}.Release|Any CPU.ActiveCfg = Release|Any CPU
		{67E0C0DA-69ED-4896-B237-5BE0DD026922}.Release|Any CPU.Build.0 = Release|Any CPU
		{9BBD08CE-28EC-4654-80B5-57345539B071}.Debug|Any CPU.ActiveCfg = Debug|Any CPU
		{9BBD08CE-28EC-4654-80B5-57345539B071}.Debug|Any CPU.Build.0 = Debug|Any CPU
		{9BBD08CE-28EC-4654-80B5-57345539B071}.Release|Any CPU.ActiveCfg = Release|Any CPU
		{9BBD08CE-28EC-4654-80B5-57345539B071}.Release|Any CPU.Build.0 = Release|Any CPU
		{74AB8845-87EE-4FA0-83FB-152BAD819014}.Debug|Any CPU.ActiveCfg = Debug|Any CPU
		{74AB8845-87EE-4FA0-83FB-152BAD819014}.Debug|Any CPU.Build.0 = Debug|Any CPU
		{74AB8845-87EE-4FA0-83FB-152BAD819014}.Release|Any CPU.ActiveCfg = Release|Any CPU
		{74AB8845-87EE-4FA0-83FB-152BAD819014}.Release|Any CPU.Build.0 = Release|Any CPU
		{0A3AB0B4-9E22-4A72-BE31-77CDBA7FBCDD}.Debug|Any CPU.ActiveCfg = Debug|Any CPU
		{0A3AB0B4-9E22-4A72-BE31-77CDBA7FBCDD}.Debug|Any CPU.Build.0 = Debug|Any CPU
		{0A3AB0B4-9E22-4A72-BE31-77CDBA7FBCDD}.Release|Any CPU.ActiveCfg = Release|Any CPU
		{0A3AB0B4-9E22-4A72-BE31-77CDBA7FBCDD}.Release|Any CPU.Build.0 = Release|Any CPU
		{29315276-9B27-4800-8055-9F805FAA0D63}.Debug|Any CPU.ActiveCfg = Debug|Any CPU
		{29315276-9B27-4800-8055-9F805FAA0D63}.Debug|Any CPU.Build.0 = Debug|Any CPU
		{29315276-9B27-4800-8055-9F805FAA0D63}.Release|Any CPU.ActiveCfg = Release|Any CPU
		{29315276-9B27-4800-8055-9F805FAA0D63}.Release|Any CPU.Build.0 = Release|Any CPU
		{B154B02F-A94F-48DE-932C-ECE05C7C060F}.Debug|Any CPU.ActiveCfg = Debug|Any CPU
		{B154B02F-A94F-48DE-932C-ECE05C7C060F}.Debug|Any CPU.Build.0 = Debug|Any CPU
		{B154B02F-A94F-48DE-932C-ECE05C7C060F}.Release|Any CPU.ActiveCfg = Release|Any CPU
		{B154B02F-A94F-48DE-932C-ECE05C7C060F}.Release|Any CPU.Build.0 = Release|Any CPU
	EndGlobalSection
	GlobalSection(SolutionProperties) = preSolution
		HideSolutionNode = FALSE
	EndGlobalSection
	GlobalSection(NestedProjects) = preSolution
		{5944C370-C514-4C05-B765-7473DD654678} = {42EDE4F6-F2C1-443B-B3BD-9AC0108635B7}
		{42EDE4F6-F2C1-443B-B3BD-9AC0108635B7} = {D656D1B9-4F13-4BAB-9117-60F22C30F331}
		{DA66D2E5-2B59-456D-AA54-2AA9D7A5A490} = {D656D1B9-4F13-4BAB-9117-60F22C30F331}
		{FE4F367A-F8F3-4DF5-800E-9EBEAA0F53F9} = {DA66D2E5-2B59-456D-AA54-2AA9D7A5A490}
		{22F067DA-DB97-4384-BE3B-888DF0312DAE} = {FE4F367A-F8F3-4DF5-800E-9EBEAA0F53F9}
		{9D85B750-3B14-447B-A180-EE48ACB0578C} = {FE4F367A-F8F3-4DF5-800E-9EBEAA0F53F9}
		{6D5E8F88-6580-42EF-AD7E-478D2BECB724} = {FE4F367A-F8F3-4DF5-800E-9EBEAA0F53F9}
		{91FDBA4C-C0E8-4ADE-96D4-C6ED33073166} = {FE4F367A-F8F3-4DF5-800E-9EBEAA0F53F9}
		{B8905A6D-15E6-458A-89F6-63C7795792F1} = {FE4F367A-F8F3-4DF5-800E-9EBEAA0F53F9}
		{BC1AAE8B-FDB2-4017-B565-81125E6D4E12} = {D656D1B9-4F13-4BAB-9117-60F22C30F331}
		{D9F1BF2F-2787-4474-A772-BA1F0208FB7D} = {BC1AAE8B-FDB2-4017-B565-81125E6D4E12}
		{5343E86C-A6D9-4161-8D96-307AEB9D8986} = {22F067DA-DB97-4384-BE3B-888DF0312DAE}
		{4B6D6015-E492-4042-BCAF-3426184B034D} = {22F067DA-DB97-4384-BE3B-888DF0312DAE}
		{BE907AE8-813D-4E29-986E-79AF5E16445E} = {DA66D2E5-2B59-456D-AA54-2AA9D7A5A490}
		{9BB6DD3A-EA4A-47D8-AD27-D53CB520A2AA} = {BE907AE8-813D-4E29-986E-79AF5E16445E}
		{F31C69B1-4FDA-4E49-AA24-FE47FF48EF4A} = {BE907AE8-813D-4E29-986E-79AF5E16445E}
		{34FBAD42-E924-4149-9ACE-E0FB092FAE4F} = {BE907AE8-813D-4E29-986E-79AF5E16445E}
		{67E0C0DA-69ED-4896-B237-5BE0DD026922} = {BE907AE8-813D-4E29-986E-79AF5E16445E}
		{9BBD08CE-28EC-4654-80B5-57345539B071} = {9BB6DD3A-EA4A-47D8-AD27-D53CB520A2AA}
		{74AB8845-87EE-4FA0-83FB-152BAD819014} = {9BB6DD3A-EA4A-47D8-AD27-D53CB520A2AA}
		{0A3AB0B4-9E22-4A72-BE31-77CDBA7FBCDD} = {BE907AE8-813D-4E29-986E-79AF5E16445E}
		{29315276-9B27-4800-8055-9F805FAA0D63} = {BC1AAE8B-FDB2-4017-B565-81125E6D4E12}
		{0526B4D2-6222-48B1-86F3-8381B4BA2EC3} = {D656D1B9-4F13-4BAB-9117-60F22C30F331}
		{B154B02F-A94F-48DE-932C-ECE05C7C060F} = {0526B4D2-6222-48B1-86F3-8381B4BA2EC3}
	EndGlobalSection
	GlobalSection(ExtensibilityGlobals) = postSolution
		SolutionGuid = {083F9D38-7496-44CA-B1E2-9C04BA3DD0A6}
	EndGlobalSection
EndGlobal
