
Microsoft Visual Studio Solution File, Format Version 12.00
# Visual Studio Version 16
VisualStudioVersion = 16.0.29806.167
MinimumVisualStudioVersion = 15.0.26124.0
Project("{2150E333-8FDC-42A3-9474-1A3956D46DE8}") = "0.Architecture", "0.Architecture", "{021329ED-4CB0-46EA-B3FD-BDDFE43EC359}"
EndProject
Project("{2150E333-8FDC-42A3-9474-1A3956D46DE8}") = "Solution Items", "Solution Items", "{CD45B216-6211-42CF-922B-7145CB050457}"
ProjectSection(SolutionItems) = preProject
	Directory.Build.props = Directory.Build.props
	.editorconfig = .editorconfig
EndProjectSection
EndProject
Project("{2150E333-8FDC-42A3-9474-1A3956D46DE8}") = "1.Periphery", "1.Periphery", "{5BE1289E-0374-4C88-884B-DF17A878B3F4}"
EndProject
Project("{2150E333-8FDC-42A3-9474-1A3956D46DE8}") = "2.Application", "2.Application", "{536BFBD5-C39A-473D-AA93-28DBA0A21265}"
EndProject
Project("{2150E333-8FDC-42A3-9474-1A3956D46DE8}") = "3.Domain", "3.Domain", "{62C8988F-0621-4B38-B046-CD32C83D6912}"
EndProject
Project("{2150E333-8FDC-42A3-9474-1A3956D46DE8}") = "1.1.Hosting", "1.1.Hosting", "{A2D099C3-AA77-4D48-ABA0-BDAF49EB339C}"
EndProject
Project("{2150E333-8FDC-42A3-9474-1A3956D46DE8}") = "1.2.Infrastructure", "1.2.Infrastructure", "{EE442EA7-EB69-4695-8F21-4D3F79228E50}"
EndProject
Project("{FAE04EC0-301F-11D3-BF4B-00C04F79EFBC}") = "Domain", "Domain\Domain.csproj", "{B8905A6D-15E6-458A-89F6-63C7795792F1}"
EndProject
Project("{FAE04EC0-301F-11D3-BF4B-00C04F79EFBC}") = "Application.Accounts", "Application.Accounts\Application.Accounts.csproj", "{377C2769-FE20-4D37-846A-10D9CA71C4CF}"
EndProject
Project("{2150E333-8FDC-42A3-9474-1A3956D46DE8}") = "5.Tests", "5.Tests", "{1D475453-64AC-4F3B-ADC0-70794B35F900}"
ProjectSection(SolutionItems) = preProject
	tests\Directory.Build.props = tests\Directory.Build.props
EndProjectSection
EndProject
Project("{FAE04EC0-301F-11D3-BF4B-00C04F79EFBC}") = "Application.Tests", "tests\Application.Tests\Application.Tests.csproj", "{5343E86C-A6D9-4161-8D96-307AEB9D8986}"
EndProject
Project("{FAE04EC0-301F-11D3-BF4B-00C04F79EFBC}") = "Domain.Tests", "tests\Domain.Tests\Domain.Tests.csproj", "{57695F53-376C-4696-86C7-06FD3BDDCA7A}"
EndProject
Project("{FAE04EC0-301F-11D3-BF4B-00C04F79EFBC}") = "Infrastructure.Database.IntegrationTests", "tests\Infrastructure.Database.IntegrationTests\Infrastructure.Database.IntegrationTests.csproj", "{4B6D6015-E492-4042-BCAF-3426184B034D}"
EndProject
Project("{FAE04EC0-301F-11D3-BF4B-00C04F79EFBC}") = "Infrastructure.Database", "Infrastructure.Database\Infrastructure.Database.csproj", "{6D5E8F88-6580-42EF-AD7E-478D2BECB724}"
EndProject
Project("{FAE04EC0-301F-11D3-BF4B-00C04F79EFBC}") = "Hosting.Gateway.API", "Hosting.Gateway.API\Hosting.Gateway.API.csproj", "{5944C370-C514-4C05-B765-7473DD654678}"
EndProject
Project("{FAE04EC0-301F-11D3-BF4B-00C04F79EFBC}") = "Hosting.Holefeeder.UI", "Hosting.Holefeeder.UI\Hosting.Holefeeder.UI.csproj", "{ED91C979-4E19-4C22-B5DE-AEC89BF52FA0}"
EndProject
Project("{FAE04EC0-301F-11D3-BF4B-00C04F79EFBC}") = "Infrastructure.Database.Tests", "tests\Infrastructure.Database.Tests\Infrastructure.Database.Tests.csproj", "{AC5C6353-80CE-4B12-98F0-287E76E68A87}"
EndProject
Project("{FAE04EC0-301F-11D3-BF4B-00C04F79EFBC}") = "Application.Transactions", "Application.Transactions\Application.Transactions.csproj", "{91FDBA4C-C0E8-4ADE-96D4-C6ED33073166}"
EndProject
Project("{FAE04EC0-301F-11D3-BF4B-00C04F79EFBC}") = "Application.SeedWork", "Application.SeedWork\Application.SeedWork.csproj", "{4FFC6550-1B7A-439F-9EAE-80D303A0A6DE}"
EndProject
Project("{2150E333-8FDC-42A3-9474-1A3956D46DE8}") = "4.Framework", "4.Framework", "{73415BD3-058B-495A-9726-7279BF670451}"
EndProject
Project("{FAE04EC0-301F-11D3-BF4B-00C04F79EFBC}") = "Framework.SeedWork", "Framework.SeedWork\Framework.SeedWork.csproj", "{D9F1BF2F-2787-4474-A772-BA1F0208FB7D}"
EndProject
Project("{2150E333-8FDC-42A3-9474-1A3956D46DE8}") = "9.Legacy", "9.Legacy", "{25AE5A14-81B1-4B5A-A9F3-8EB86CD468BC}"
EndProject
Project("{FAE04EC0-301F-11D3-BF4B-00C04F79EFBC}") = "DrifterApps.Holefeeder.Business", "DrifterApps.Holefeeder.Business\DrifterApps.Holefeeder.Business.csproj", "{D17438D7-A41D-4D16-B3BE-C0C20A18093C}"
EndProject
Project("{FAE04EC0-301F-11D3-BF4B-00C04F79EFBC}") = "DrifterApps.Holefeeder.Business.Contracts", "DrifterApps.Holefeeder.Business.Contracts\DrifterApps.Holefeeder.Business.Contracts.csproj", "{5C9BFC72-6B4A-45B1-906C-AC8B34C8DDEC}"
EndProject
Project("{FAE04EC0-301F-11D3-BF4B-00C04F79EFBC}") = "DrifterApps.Holefeeder.Business.Entities", "DrifterApps.Holefeeder.Business.Entities\DrifterApps.Holefeeder.Business.Entities.csproj", "{9B074D2F-776F-42F7-A16E-1F9C7515F5CB}"
EndProject
Project("{FAE04EC0-301F-11D3-BF4B-00C04F79EFBC}") = "DrifterApps.Holefeeder.Common", "DrifterApps.Holefeeder.Common\DrifterApps.Holefeeder.Common.csproj", "{7652F634-B614-4786-9DDF-E86CA8EA3956}"
EndProject
Project("{FAE04EC0-301F-11D3-BF4B-00C04F79EFBC}") = "DrifterApps.Holefeeder.Common.IoC", "DrifterApps.Holefeeder.Common.IoC\DrifterApps.Holefeeder.Common.IoC.csproj", "{4C87D754-7440-4770-87F8-BEF00DEC9409}"
EndProject
Project("{FAE04EC0-301F-11D3-BF4B-00C04F79EFBC}") = "DrifterApps.Holefeeder.ResourcesAccess.Contracts", "DrifterApps.Holefeeder.ResourcesAccess.Contracts\DrifterApps.Holefeeder.ResourcesAccess.Contracts.csproj", "{97CD4DB4-329C-430B-B8B9-E4F5F90A6B2A}"
EndProject
Project("{FAE04EC0-301F-11D3-BF4B-00C04F79EFBC}") = "DrifterApps.Holefeeder.ResourcesAccess.Mongo", "DrifterApps.Holefeeder.ResourcesAccess.Mongo\DrifterApps.Holefeeder.ResourcesAccess.Mongo.csproj", "{842CABE7-8003-476F-93CF-B1DD00272AFB}"
EndProject
Project("{FAE04EC0-301F-11D3-BF4B-00C04F79EFBC}") = "DrifterApps.Holefeeder.Services.BudgetApi", "DrifterApps.Holefeeder.Services.BudgetApi\DrifterApps.Holefeeder.Services.BudgetApi.csproj", "{87BCE71A-2275-41E8-83FC-4A2A27BAE0C8}"
EndProject
Project("{FAE04EC0-301F-11D3-BF4B-00C04F79EFBC}") = "DrifterApps.Holefeeder.Services.BudgetDto", "DrifterApps.Holefeeder.Services.BudgetDto\DrifterApps.Holefeeder.Services.BudgetDto.csproj", "{ABADE85C-8B3D-4D60-B338-373D5A7D1EF3}"
EndProject
Project("{FAE04EC0-301F-11D3-BF4B-00C04F79EFBC}") = "DrifterApps.Holefeeder.ServicesHosts.BudgetApi", "DrifterApps.Holefeeder.ServicesHosts.BudgetApi\DrifterApps.Holefeeder.ServicesHosts.BudgetApi.csproj", "{D5025608-A5C1-430D-BD48-25F0FE98BBA6}"
EndProject
Project("{FAE04EC0-301F-11D3-BF4B-00C04F79EFBC}") = "Hosting.Transactions.API", "Hosting.Transactions.API\Hosting.Transactions.API.csproj", "{9D85B750-3B14-447B-A180-EE48ACB0578C}"
EndProject
Project("{FAE04EC0-301F-11D3-BF4B-00C04F79EFBC}") = "Hosting.SeedWork", "Hosting.SeedWork\Hosting.SeedWork.csproj", "{3B3931CC-16BE-498F-B251-B04B940309A6}"
EndProject
Global
	GlobalSection(SolutionConfigurationPlatforms) = preSolution
		Debug|Any CPU = Debug|Any CPU
		Debug|x64 = Debug|x64
		Debug|x86 = Debug|x86
		Release|Any CPU = Release|Any CPU
		Release|x64 = Release|x64
		Release|x86 = Release|x86
	EndGlobalSection
	GlobalSection(ProjectConfigurationPlatforms) = postSolution
		{B8905A6D-15E6-458A-89F6-63C7795792F1}.Debug|Any CPU.ActiveCfg = Debug|Any CPU
		{B8905A6D-15E6-458A-89F6-63C7795792F1}.Debug|Any CPU.Build.0 = Debug|Any CPU
		{B8905A6D-15E6-458A-89F6-63C7795792F1}.Debug|x64.ActiveCfg = Debug|Any CPU
		{B8905A6D-15E6-458A-89F6-63C7795792F1}.Debug|x64.Build.0 = Debug|Any CPU
		{B8905A6D-15E6-458A-89F6-63C7795792F1}.Debug|x86.ActiveCfg = Debug|Any CPU
		{B8905A6D-15E6-458A-89F6-63C7795792F1}.Debug|x86.Build.0 = Debug|Any CPU
		{B8905A6D-15E6-458A-89F6-63C7795792F1}.Release|Any CPU.ActiveCfg = Release|Any CPU
		{B8905A6D-15E6-458A-89F6-63C7795792F1}.Release|Any CPU.Build.0 = Release|Any CPU
		{B8905A6D-15E6-458A-89F6-63C7795792F1}.Release|x64.ActiveCfg = Release|Any CPU
		{B8905A6D-15E6-458A-89F6-63C7795792F1}.Release|x64.Build.0 = Release|Any CPU
		{B8905A6D-15E6-458A-89F6-63C7795792F1}.Release|x86.ActiveCfg = Release|Any CPU
		{B8905A6D-15E6-458A-89F6-63C7795792F1}.Release|x86.Build.0 = Release|Any CPU
		{377C2769-FE20-4D37-846A-10D9CA71C4CF}.Debug|Any CPU.ActiveCfg = Debug|Any CPU
		{377C2769-FE20-4D37-846A-10D9CA71C4CF}.Debug|Any CPU.Build.0 = Debug|Any CPU
		{377C2769-FE20-4D37-846A-10D9CA71C4CF}.Debug|x64.ActiveCfg = Debug|Any CPU
		{377C2769-FE20-4D37-846A-10D9CA71C4CF}.Debug|x64.Build.0 = Debug|Any CPU
		{377C2769-FE20-4D37-846A-10D9CA71C4CF}.Debug|x86.ActiveCfg = Debug|Any CPU
		{377C2769-FE20-4D37-846A-10D9CA71C4CF}.Debug|x86.Build.0 = Debug|Any CPU
		{377C2769-FE20-4D37-846A-10D9CA71C4CF}.Release|Any CPU.ActiveCfg = Release|Any CPU
		{377C2769-FE20-4D37-846A-10D9CA71C4CF}.Release|Any CPU.Build.0 = Release|Any CPU
		{377C2769-FE20-4D37-846A-10D9CA71C4CF}.Release|x64.ActiveCfg = Release|Any CPU
		{377C2769-FE20-4D37-846A-10D9CA71C4CF}.Release|x64.Build.0 = Release|Any CPU
		{377C2769-FE20-4D37-846A-10D9CA71C4CF}.Release|x86.ActiveCfg = Release|Any CPU
		{377C2769-FE20-4D37-846A-10D9CA71C4CF}.Release|x86.Build.0 = Release|Any CPU
		{5343E86C-A6D9-4161-8D96-307AEB9D8986}.Debug|Any CPU.ActiveCfg = Debug|Any CPU
		{5343E86C-A6D9-4161-8D96-307AEB9D8986}.Debug|Any CPU.Build.0 = Debug|Any CPU
		{5343E86C-A6D9-4161-8D96-307AEB9D8986}.Debug|x64.ActiveCfg = Debug|Any CPU
		{5343E86C-A6D9-4161-8D96-307AEB9D8986}.Debug|x64.Build.0 = Debug|Any CPU
		{5343E86C-A6D9-4161-8D96-307AEB9D8986}.Debug|x86.ActiveCfg = Debug|Any CPU
		{5343E86C-A6D9-4161-8D96-307AEB9D8986}.Debug|x86.Build.0 = Debug|Any CPU
		{5343E86C-A6D9-4161-8D96-307AEB9D8986}.Release|Any CPU.ActiveCfg = Release|Any CPU
		{5343E86C-A6D9-4161-8D96-307AEB9D8986}.Release|Any CPU.Build.0 = Release|Any CPU
		{5343E86C-A6D9-4161-8D96-307AEB9D8986}.Release|x64.ActiveCfg = Release|Any CPU
		{5343E86C-A6D9-4161-8D96-307AEB9D8986}.Release|x64.Build.0 = Release|Any CPU
		{5343E86C-A6D9-4161-8D96-307AEB9D8986}.Release|x86.ActiveCfg = Release|Any CPU
		{5343E86C-A6D9-4161-8D96-307AEB9D8986}.Release|x86.Build.0 = Release|Any CPU
		{57695F53-376C-4696-86C7-06FD3BDDCA7A}.Debug|Any CPU.ActiveCfg = Debug|Any CPU
		{57695F53-376C-4696-86C7-06FD3BDDCA7A}.Debug|Any CPU.Build.0 = Debug|Any CPU
		{57695F53-376C-4696-86C7-06FD3BDDCA7A}.Debug|x64.ActiveCfg = Debug|Any CPU
		{57695F53-376C-4696-86C7-06FD3BDDCA7A}.Debug|x64.Build.0 = Debug|Any CPU
		{57695F53-376C-4696-86C7-06FD3BDDCA7A}.Debug|x86.ActiveCfg = Debug|Any CPU
		{57695F53-376C-4696-86C7-06FD3BDDCA7A}.Debug|x86.Build.0 = Debug|Any CPU
		{57695F53-376C-4696-86C7-06FD3BDDCA7A}.Release|Any CPU.ActiveCfg = Release|Any CPU
		{57695F53-376C-4696-86C7-06FD3BDDCA7A}.Release|Any CPU.Build.0 = Release|Any CPU
		{57695F53-376C-4696-86C7-06FD3BDDCA7A}.Release|x64.ActiveCfg = Release|Any CPU
		{57695F53-376C-4696-86C7-06FD3BDDCA7A}.Release|x64.Build.0 = Release|Any CPU
		{57695F53-376C-4696-86C7-06FD3BDDCA7A}.Release|x86.ActiveCfg = Release|Any CPU
		{57695F53-376C-4696-86C7-06FD3BDDCA7A}.Release|x86.Build.0 = Release|Any CPU
		{4B6D6015-E492-4042-BCAF-3426184B034D}.Debug|Any CPU.ActiveCfg = Debug|Any CPU
		{4B6D6015-E492-4042-BCAF-3426184B034D}.Debug|Any CPU.Build.0 = Debug|Any CPU
		{4B6D6015-E492-4042-BCAF-3426184B034D}.Debug|x64.ActiveCfg = Debug|Any CPU
		{4B6D6015-E492-4042-BCAF-3426184B034D}.Debug|x64.Build.0 = Debug|Any CPU
		{4B6D6015-E492-4042-BCAF-3426184B034D}.Debug|x86.ActiveCfg = Debug|Any CPU
		{4B6D6015-E492-4042-BCAF-3426184B034D}.Debug|x86.Build.0 = Debug|Any CPU
		{4B6D6015-E492-4042-BCAF-3426184B034D}.Release|Any CPU.ActiveCfg = Release|Any CPU
		{4B6D6015-E492-4042-BCAF-3426184B034D}.Release|Any CPU.Build.0 = Release|Any CPU
		{4B6D6015-E492-4042-BCAF-3426184B034D}.Release|x64.ActiveCfg = Release|Any CPU
		{4B6D6015-E492-4042-BCAF-3426184B034D}.Release|x64.Build.0 = Release|Any CPU
		{4B6D6015-E492-4042-BCAF-3426184B034D}.Release|x86.ActiveCfg = Release|Any CPU
		{4B6D6015-E492-4042-BCAF-3426184B034D}.Release|x86.Build.0 = Release|Any CPU
		{6D5E8F88-6580-42EF-AD7E-478D2BECB724}.Debug|Any CPU.ActiveCfg = Debug|Any CPU
		{6D5E8F88-6580-42EF-AD7E-478D2BECB724}.Debug|Any CPU.Build.0 = Debug|Any CPU
		{6D5E8F88-6580-42EF-AD7E-478D2BECB724}.Debug|x64.ActiveCfg = Debug|Any CPU
		{6D5E8F88-6580-42EF-AD7E-478D2BECB724}.Debug|x64.Build.0 = Debug|Any CPU
		{6D5E8F88-6580-42EF-AD7E-478D2BECB724}.Debug|x86.ActiveCfg = Debug|Any CPU
		{6D5E8F88-6580-42EF-AD7E-478D2BECB724}.Debug|x86.Build.0 = Debug|Any CPU
		{6D5E8F88-6580-42EF-AD7E-478D2BECB724}.Release|Any CPU.ActiveCfg = Release|Any CPU
		{6D5E8F88-6580-42EF-AD7E-478D2BECB724}.Release|Any CPU.Build.0 = Release|Any CPU
		{6D5E8F88-6580-42EF-AD7E-478D2BECB724}.Release|x64.ActiveCfg = Release|Any CPU
		{6D5E8F88-6580-42EF-AD7E-478D2BECB724}.Release|x64.Build.0 = Release|Any CPU
		{6D5E8F88-6580-42EF-AD7E-478D2BECB724}.Release|x86.ActiveCfg = Release|Any CPU
		{6D5E8F88-6580-42EF-AD7E-478D2BECB724}.Release|x86.Build.0 = Release|Any CPU
		{5944C370-C514-4C05-B765-7473DD654678}.Debug|Any CPU.ActiveCfg = Debug|Any CPU
		{5944C370-C514-4C05-B765-7473DD654678}.Debug|Any CPU.Build.0 = Debug|Any CPU
		{5944C370-C514-4C05-B765-7473DD654678}.Debug|x64.ActiveCfg = Debug|Any CPU
		{5944C370-C514-4C05-B765-7473DD654678}.Debug|x64.Build.0 = Debug|Any CPU
		{5944C370-C514-4C05-B765-7473DD654678}.Debug|x86.ActiveCfg = Debug|Any CPU
		{5944C370-C514-4C05-B765-7473DD654678}.Debug|x86.Build.0 = Debug|Any CPU
		{5944C370-C514-4C05-B765-7473DD654678}.Release|Any CPU.ActiveCfg = Release|Any CPU
		{5944C370-C514-4C05-B765-7473DD654678}.Release|Any CPU.Build.0 = Release|Any CPU
		{5944C370-C514-4C05-B765-7473DD654678}.Release|x64.ActiveCfg = Release|Any CPU
		{5944C370-C514-4C05-B765-7473DD654678}.Release|x64.Build.0 = Release|Any CPU
		{5944C370-C514-4C05-B765-7473DD654678}.Release|x86.ActiveCfg = Release|Any CPU
		{5944C370-C514-4C05-B765-7473DD654678}.Release|x86.Build.0 = Release|Any CPU
		{ED91C979-4E19-4C22-B5DE-AEC89BF52FA0}.Debug|Any CPU.ActiveCfg = Debug|Any CPU
		{ED91C979-4E19-4C22-B5DE-AEC89BF52FA0}.Debug|Any CPU.Build.0 = Debug|Any CPU
		{ED91C979-4E19-4C22-B5DE-AEC89BF52FA0}.Debug|x64.ActiveCfg = Debug|Any CPU
		{ED91C979-4E19-4C22-B5DE-AEC89BF52FA0}.Debug|x64.Build.0 = Debug|Any CPU
		{ED91C979-4E19-4C22-B5DE-AEC89BF52FA0}.Debug|x86.ActiveCfg = Debug|Any CPU
		{ED91C979-4E19-4C22-B5DE-AEC89BF52FA0}.Debug|x86.Build.0 = Debug|Any CPU
		{ED91C979-4E19-4C22-B5DE-AEC89BF52FA0}.Release|Any CPU.ActiveCfg = Release|Any CPU
		{ED91C979-4E19-4C22-B5DE-AEC89BF52FA0}.Release|Any CPU.Build.0 = Release|Any CPU
		{ED91C979-4E19-4C22-B5DE-AEC89BF52FA0}.Release|x64.ActiveCfg = Release|Any CPU
		{ED91C979-4E19-4C22-B5DE-AEC89BF52FA0}.Release|x64.Build.0 = Release|Any CPU
		{ED91C979-4E19-4C22-B5DE-AEC89BF52FA0}.Release|x86.ActiveCfg = Release|Any CPU
		{ED91C979-4E19-4C22-B5DE-AEC89BF52FA0}.Release|x86.Build.0 = Release|Any CPU
		{AC5C6353-80CE-4B12-98F0-287E76E68A87}.Debug|Any CPU.ActiveCfg = Debug|Any CPU
		{AC5C6353-80CE-4B12-98F0-287E76E68A87}.Debug|Any CPU.Build.0 = Debug|Any CPU
		{AC5C6353-80CE-4B12-98F0-287E76E68A87}.Debug|x64.ActiveCfg = Debug|Any CPU
		{AC5C6353-80CE-4B12-98F0-287E76E68A87}.Debug|x64.Build.0 = Debug|Any CPU
		{AC5C6353-80CE-4B12-98F0-287E76E68A87}.Debug|x86.ActiveCfg = Debug|Any CPU
		{AC5C6353-80CE-4B12-98F0-287E76E68A87}.Debug|x86.Build.0 = Debug|Any CPU
		{AC5C6353-80CE-4B12-98F0-287E76E68A87}.Release|Any CPU.ActiveCfg = Release|Any CPU
		{AC5C6353-80CE-4B12-98F0-287E76E68A87}.Release|Any CPU.Build.0 = Release|Any CPU
		{AC5C6353-80CE-4B12-98F0-287E76E68A87}.Release|x64.ActiveCfg = Release|Any CPU
		{AC5C6353-80CE-4B12-98F0-287E76E68A87}.Release|x64.Build.0 = Release|Any CPU
		{AC5C6353-80CE-4B12-98F0-287E76E68A87}.Release|x86.ActiveCfg = Release|Any CPU
		{AC5C6353-80CE-4B12-98F0-287E76E68A87}.Release|x86.Build.0 = Release|Any CPU
		{91FDBA4C-C0E8-4ADE-96D4-C6ED33073166}.Debug|Any CPU.ActiveCfg = Debug|Any CPU
		{91FDBA4C-C0E8-4ADE-96D4-C6ED33073166}.Debug|Any CPU.Build.0 = Debug|Any CPU
		{91FDBA4C-C0E8-4ADE-96D4-C6ED33073166}.Debug|x64.ActiveCfg = Debug|Any CPU
		{91FDBA4C-C0E8-4ADE-96D4-C6ED33073166}.Debug|x64.Build.0 = Debug|Any CPU
		{91FDBA4C-C0E8-4ADE-96D4-C6ED33073166}.Debug|x86.ActiveCfg = Debug|Any CPU
		{91FDBA4C-C0E8-4ADE-96D4-C6ED33073166}.Debug|x86.Build.0 = Debug|Any CPU
		{91FDBA4C-C0E8-4ADE-96D4-C6ED33073166}.Release|Any CPU.ActiveCfg = Release|Any CPU
		{91FDBA4C-C0E8-4ADE-96D4-C6ED33073166}.Release|Any CPU.Build.0 = Release|Any CPU
		{91FDBA4C-C0E8-4ADE-96D4-C6ED33073166}.Release|x64.ActiveCfg = Release|Any CPU
		{91FDBA4C-C0E8-4ADE-96D4-C6ED33073166}.Release|x64.Build.0 = Release|Any CPU
		{91FDBA4C-C0E8-4ADE-96D4-C6ED33073166}.Release|x86.ActiveCfg = Release|Any CPU
		{91FDBA4C-C0E8-4ADE-96D4-C6ED33073166}.Release|x86.Build.0 = Release|Any CPU
		{4FFC6550-1B7A-439F-9EAE-80D303A0A6DE}.Debug|Any CPU.ActiveCfg = Debug|Any CPU
		{4FFC6550-1B7A-439F-9EAE-80D303A0A6DE}.Debug|Any CPU.Build.0 = Debug|Any CPU
		{4FFC6550-1B7A-439F-9EAE-80D303A0A6DE}.Debug|x64.ActiveCfg = Debug|Any CPU
		{4FFC6550-1B7A-439F-9EAE-80D303A0A6DE}.Debug|x64.Build.0 = Debug|Any CPU
		{4FFC6550-1B7A-439F-9EAE-80D303A0A6DE}.Debug|x86.ActiveCfg = Debug|Any CPU
		{4FFC6550-1B7A-439F-9EAE-80D303A0A6DE}.Debug|x86.Build.0 = Debug|Any CPU
		{4FFC6550-1B7A-439F-9EAE-80D303A0A6DE}.Release|Any CPU.ActiveCfg = Release|Any CPU
		{4FFC6550-1B7A-439F-9EAE-80D303A0A6DE}.Release|Any CPU.Build.0 = Release|Any CPU
		{4FFC6550-1B7A-439F-9EAE-80D303A0A6DE}.Release|x64.ActiveCfg = Release|Any CPU
		{4FFC6550-1B7A-439F-9EAE-80D303A0A6DE}.Release|x64.Build.0 = Release|Any CPU
		{4FFC6550-1B7A-439F-9EAE-80D303A0A6DE}.Release|x86.ActiveCfg = Release|Any CPU
		{4FFC6550-1B7A-439F-9EAE-80D303A0A6DE}.Release|x86.Build.0 = Release|Any CPU
		{D9F1BF2F-2787-4474-A772-BA1F0208FB7D}.Debug|Any CPU.ActiveCfg = Debug|Any CPU
		{D9F1BF2F-2787-4474-A772-BA1F0208FB7D}.Debug|Any CPU.Build.0 = Debug|Any CPU
		{D9F1BF2F-2787-4474-A772-BA1F0208FB7D}.Debug|x64.ActiveCfg = Debug|Any CPU
		{D9F1BF2F-2787-4474-A772-BA1F0208FB7D}.Debug|x64.Build.0 = Debug|Any CPU
		{D9F1BF2F-2787-4474-A772-BA1F0208FB7D}.Debug|x86.ActiveCfg = Debug|Any CPU
		{D9F1BF2F-2787-4474-A772-BA1F0208FB7D}.Debug|x86.Build.0 = Debug|Any CPU
		{D9F1BF2F-2787-4474-A772-BA1F0208FB7D}.Release|Any CPU.ActiveCfg = Release|Any CPU
		{D9F1BF2F-2787-4474-A772-BA1F0208FB7D}.Release|Any CPU.Build.0 = Release|Any CPU
		{D9F1BF2F-2787-4474-A772-BA1F0208FB7D}.Release|x64.ActiveCfg = Release|Any CPU
		{D9F1BF2F-2787-4474-A772-BA1F0208FB7D}.Release|x64.Build.0 = Release|Any CPU
		{D9F1BF2F-2787-4474-A772-BA1F0208FB7D}.Release|x86.ActiveCfg = Release|Any CPU
		{D9F1BF2F-2787-4474-A772-BA1F0208FB7D}.Release|x86.Build.0 = Release|Any CPU
		{D17438D7-A41D-4D16-B3BE-C0C20A18093C}.Debug|Any CPU.ActiveCfg = Debug|Any CPU
		{D17438D7-A41D-4D16-B3BE-C0C20A18093C}.Debug|Any CPU.Build.0 = Debug|Any CPU
		{D17438D7-A41D-4D16-B3BE-C0C20A18093C}.Debug|x64.ActiveCfg = Debug|Any CPU
		{D17438D7-A41D-4D16-B3BE-C0C20A18093C}.Debug|x64.Build.0 = Debug|Any CPU
		{D17438D7-A41D-4D16-B3BE-C0C20A18093C}.Debug|x86.ActiveCfg = Debug|Any CPU
		{D17438D7-A41D-4D16-B3BE-C0C20A18093C}.Debug|x86.Build.0 = Debug|Any CPU
		{D17438D7-A41D-4D16-B3BE-C0C20A18093C}.Release|Any CPU.ActiveCfg = Release|Any CPU
		{D17438D7-A41D-4D16-B3BE-C0C20A18093C}.Release|Any CPU.Build.0 = Release|Any CPU
		{D17438D7-A41D-4D16-B3BE-C0C20A18093C}.Release|x64.ActiveCfg = Release|Any CPU
		{D17438D7-A41D-4D16-B3BE-C0C20A18093C}.Release|x64.Build.0 = Release|Any CPU
		{D17438D7-A41D-4D16-B3BE-C0C20A18093C}.Release|x86.ActiveCfg = Release|Any CPU
		{D17438D7-A41D-4D16-B3BE-C0C20A18093C}.Release|x86.Build.0 = Release|Any CPU
		{5C9BFC72-6B4A-45B1-906C-AC8B34C8DDEC}.Debug|Any CPU.ActiveCfg = Debug|Any CPU
		{5C9BFC72-6B4A-45B1-906C-AC8B34C8DDEC}.Debug|Any CPU.Build.0 = Debug|Any CPU
		{5C9BFC72-6B4A-45B1-906C-AC8B34C8DDEC}.Debug|x64.ActiveCfg = Debug|Any CPU
		{5C9BFC72-6B4A-45B1-906C-AC8B34C8DDEC}.Debug|x64.Build.0 = Debug|Any CPU
		{5C9BFC72-6B4A-45B1-906C-AC8B34C8DDEC}.Debug|x86.ActiveCfg = Debug|Any CPU
		{5C9BFC72-6B4A-45B1-906C-AC8B34C8DDEC}.Debug|x86.Build.0 = Debug|Any CPU
		{5C9BFC72-6B4A-45B1-906C-AC8B34C8DDEC}.Release|Any CPU.ActiveCfg = Release|Any CPU
		{5C9BFC72-6B4A-45B1-906C-AC8B34C8DDEC}.Release|Any CPU.Build.0 = Release|Any CPU
		{5C9BFC72-6B4A-45B1-906C-AC8B34C8DDEC}.Release|x64.ActiveCfg = Release|Any CPU
		{5C9BFC72-6B4A-45B1-906C-AC8B34C8DDEC}.Release|x64.Build.0 = Release|Any CPU
		{5C9BFC72-6B4A-45B1-906C-AC8B34C8DDEC}.Release|x86.ActiveCfg = Release|Any CPU
		{5C9BFC72-6B4A-45B1-906C-AC8B34C8DDEC}.Release|x86.Build.0 = Release|Any CPU
		{9B074D2F-776F-42F7-A16E-1F9C7515F5CB}.Debug|Any CPU.ActiveCfg = Debug|Any CPU
		{9B074D2F-776F-42F7-A16E-1F9C7515F5CB}.Debug|Any CPU.Build.0 = Debug|Any CPU
		{9B074D2F-776F-42F7-A16E-1F9C7515F5CB}.Debug|x64.ActiveCfg = Debug|Any CPU
		{9B074D2F-776F-42F7-A16E-1F9C7515F5CB}.Debug|x64.Build.0 = Debug|Any CPU
		{9B074D2F-776F-42F7-A16E-1F9C7515F5CB}.Debug|x86.ActiveCfg = Debug|Any CPU
		{9B074D2F-776F-42F7-A16E-1F9C7515F5CB}.Debug|x86.Build.0 = Debug|Any CPU
		{9B074D2F-776F-42F7-A16E-1F9C7515F5CB}.Release|Any CPU.ActiveCfg = Release|Any CPU
		{9B074D2F-776F-42F7-A16E-1F9C7515F5CB}.Release|Any CPU.Build.0 = Release|Any CPU
		{9B074D2F-776F-42F7-A16E-1F9C7515F5CB}.Release|x64.ActiveCfg = Release|Any CPU
		{9B074D2F-776F-42F7-A16E-1F9C7515F5CB}.Release|x64.Build.0 = Release|Any CPU
		{9B074D2F-776F-42F7-A16E-1F9C7515F5CB}.Release|x86.ActiveCfg = Release|Any CPU
		{9B074D2F-776F-42F7-A16E-1F9C7515F5CB}.Release|x86.Build.0 = Release|Any CPU
		{7652F634-B614-4786-9DDF-E86CA8EA3956}.Debug|Any CPU.ActiveCfg = Debug|Any CPU
		{7652F634-B614-4786-9DDF-E86CA8EA3956}.Debug|Any CPU.Build.0 = Debug|Any CPU
		{7652F634-B614-4786-9DDF-E86CA8EA3956}.Debug|x64.ActiveCfg = Debug|Any CPU
		{7652F634-B614-4786-9DDF-E86CA8EA3956}.Debug|x64.Build.0 = Debug|Any CPU
		{7652F634-B614-4786-9DDF-E86CA8EA3956}.Debug|x86.ActiveCfg = Debug|Any CPU
		{7652F634-B614-4786-9DDF-E86CA8EA3956}.Debug|x86.Build.0 = Debug|Any CPU
		{7652F634-B614-4786-9DDF-E86CA8EA3956}.Release|Any CPU.ActiveCfg = Release|Any CPU
		{7652F634-B614-4786-9DDF-E86CA8EA3956}.Release|Any CPU.Build.0 = Release|Any CPU
		{7652F634-B614-4786-9DDF-E86CA8EA3956}.Release|x64.ActiveCfg = Release|Any CPU
		{7652F634-B614-4786-9DDF-E86CA8EA3956}.Release|x64.Build.0 = Release|Any CPU
		{7652F634-B614-4786-9DDF-E86CA8EA3956}.Release|x86.ActiveCfg = Release|Any CPU
		{7652F634-B614-4786-9DDF-E86CA8EA3956}.Release|x86.Build.0 = Release|Any CPU
		{4C87D754-7440-4770-87F8-BEF00DEC9409}.Debug|Any CPU.ActiveCfg = Debug|Any CPU
		{4C87D754-7440-4770-87F8-BEF00DEC9409}.Debug|Any CPU.Build.0 = Debug|Any CPU
		{4C87D754-7440-4770-87F8-BEF00DEC9409}.Debug|x64.ActiveCfg = Debug|Any CPU
		{4C87D754-7440-4770-87F8-BEF00DEC9409}.Debug|x64.Build.0 = Debug|Any CPU
		{4C87D754-7440-4770-87F8-BEF00DEC9409}.Debug|x86.ActiveCfg = Debug|Any CPU
		{4C87D754-7440-4770-87F8-BEF00DEC9409}.Debug|x86.Build.0 = Debug|Any CPU
		{4C87D754-7440-4770-87F8-BEF00DEC9409}.Release|Any CPU.ActiveCfg = Release|Any CPU
		{4C87D754-7440-4770-87F8-BEF00DEC9409}.Release|Any CPU.Build.0 = Release|Any CPU
		{4C87D754-7440-4770-87F8-BEF00DEC9409}.Release|x64.ActiveCfg = Release|Any CPU
		{4C87D754-7440-4770-87F8-BEF00DEC9409}.Release|x64.Build.0 = Release|Any CPU
		{4C87D754-7440-4770-87F8-BEF00DEC9409}.Release|x86.ActiveCfg = Release|Any CPU
		{4C87D754-7440-4770-87F8-BEF00DEC9409}.Release|x86.Build.0 = Release|Any CPU
		{97CD4DB4-329C-430B-B8B9-E4F5F90A6B2A}.Debug|Any CPU.ActiveCfg = Debug|Any CPU
		{97CD4DB4-329C-430B-B8B9-E4F5F90A6B2A}.Debug|Any CPU.Build.0 = Debug|Any CPU
		{97CD4DB4-329C-430B-B8B9-E4F5F90A6B2A}.Debug|x64.ActiveCfg = Debug|Any CPU
		{97CD4DB4-329C-430B-B8B9-E4F5F90A6B2A}.Debug|x64.Build.0 = Debug|Any CPU
		{97CD4DB4-329C-430B-B8B9-E4F5F90A6B2A}.Debug|x86.ActiveCfg = Debug|Any CPU
		{97CD4DB4-329C-430B-B8B9-E4F5F90A6B2A}.Debug|x86.Build.0 = Debug|Any CPU
		{97CD4DB4-329C-430B-B8B9-E4F5F90A6B2A}.Release|Any CPU.ActiveCfg = Release|Any CPU
		{97CD4DB4-329C-430B-B8B9-E4F5F90A6B2A}.Release|Any CPU.Build.0 = Release|Any CPU
		{97CD4DB4-329C-430B-B8B9-E4F5F90A6B2A}.Release|x64.ActiveCfg = Release|Any CPU
		{97CD4DB4-329C-430B-B8B9-E4F5F90A6B2A}.Release|x64.Build.0 = Release|Any CPU
		{97CD4DB4-329C-430B-B8B9-E4F5F90A6B2A}.Release|x86.ActiveCfg = Release|Any CPU
		{97CD4DB4-329C-430B-B8B9-E4F5F90A6B2A}.Release|x86.Build.0 = Release|Any CPU
		{842CABE7-8003-476F-93CF-B1DD00272AFB}.Debug|Any CPU.ActiveCfg = Debug|Any CPU
		{842CABE7-8003-476F-93CF-B1DD00272AFB}.Debug|Any CPU.Build.0 = Debug|Any CPU
		{842CABE7-8003-476F-93CF-B1DD00272AFB}.Debug|x64.ActiveCfg = Debug|Any CPU
		{842CABE7-8003-476F-93CF-B1DD00272AFB}.Debug|x64.Build.0 = Debug|Any CPU
		{842CABE7-8003-476F-93CF-B1DD00272AFB}.Debug|x86.ActiveCfg = Debug|Any CPU
		{842CABE7-8003-476F-93CF-B1DD00272AFB}.Debug|x86.Build.0 = Debug|Any CPU
		{842CABE7-8003-476F-93CF-B1DD00272AFB}.Release|Any CPU.ActiveCfg = Release|Any CPU
		{842CABE7-8003-476F-93CF-B1DD00272AFB}.Release|Any CPU.Build.0 = Release|Any CPU
		{842CABE7-8003-476F-93CF-B1DD00272AFB}.Release|x64.ActiveCfg = Release|Any CPU
		{842CABE7-8003-476F-93CF-B1DD00272AFB}.Release|x64.Build.0 = Release|Any CPU
		{842CABE7-8003-476F-93CF-B1DD00272AFB}.Release|x86.ActiveCfg = Release|Any CPU
		{842CABE7-8003-476F-93CF-B1DD00272AFB}.Release|x86.Build.0 = Release|Any CPU
		{87BCE71A-2275-41E8-83FC-4A2A27BAE0C8}.Debug|Any CPU.ActiveCfg = Debug|Any CPU
		{87BCE71A-2275-41E8-83FC-4A2A27BAE0C8}.Debug|Any CPU.Build.0 = Debug|Any CPU
		{87BCE71A-2275-41E8-83FC-4A2A27BAE0C8}.Debug|x64.ActiveCfg = Debug|Any CPU
		{87BCE71A-2275-41E8-83FC-4A2A27BAE0C8}.Debug|x64.Build.0 = Debug|Any CPU
		{87BCE71A-2275-41E8-83FC-4A2A27BAE0C8}.Debug|x86.ActiveCfg = Debug|Any CPU
		{87BCE71A-2275-41E8-83FC-4A2A27BAE0C8}.Debug|x86.Build.0 = Debug|Any CPU
		{87BCE71A-2275-41E8-83FC-4A2A27BAE0C8}.Release|Any CPU.ActiveCfg = Release|Any CPU
		{87BCE71A-2275-41E8-83FC-4A2A27BAE0C8}.Release|Any CPU.Build.0 = Release|Any CPU
		{87BCE71A-2275-41E8-83FC-4A2A27BAE0C8}.Release|x64.ActiveCfg = Release|Any CPU
		{87BCE71A-2275-41E8-83FC-4A2A27BAE0C8}.Release|x64.Build.0 = Release|Any CPU
		{87BCE71A-2275-41E8-83FC-4A2A27BAE0C8}.Release|x86.ActiveCfg = Release|Any CPU
		{87BCE71A-2275-41E8-83FC-4A2A27BAE0C8}.Release|x86.Build.0 = Release|Any CPU
		{ABADE85C-8B3D-4D60-B338-373D5A7D1EF3}.Debug|Any CPU.ActiveCfg = Debug|Any CPU
		{ABADE85C-8B3D-4D60-B338-373D5A7D1EF3}.Debug|Any CPU.Build.0 = Debug|Any CPU
		{ABADE85C-8B3D-4D60-B338-373D5A7D1EF3}.Debug|x64.ActiveCfg = Debug|Any CPU
		{ABADE85C-8B3D-4D60-B338-373D5A7D1EF3}.Debug|x64.Build.0 = Debug|Any CPU
		{ABADE85C-8B3D-4D60-B338-373D5A7D1EF3}.Debug|x86.ActiveCfg = Debug|Any CPU
		{ABADE85C-8B3D-4D60-B338-373D5A7D1EF3}.Debug|x86.Build.0 = Debug|Any CPU
		{ABADE85C-8B3D-4D60-B338-373D5A7D1EF3}.Release|Any CPU.ActiveCfg = Release|Any CPU
		{ABADE85C-8B3D-4D60-B338-373D5A7D1EF3}.Release|Any CPU.Build.0 = Release|Any CPU
		{ABADE85C-8B3D-4D60-B338-373D5A7D1EF3}.Release|x64.ActiveCfg = Release|Any CPU
		{ABADE85C-8B3D-4D60-B338-373D5A7D1EF3}.Release|x64.Build.0 = Release|Any CPU
		{ABADE85C-8B3D-4D60-B338-373D5A7D1EF3}.Release|x86.ActiveCfg = Release|Any CPU
		{ABADE85C-8B3D-4D60-B338-373D5A7D1EF3}.Release|x86.Build.0 = Release|Any CPU
		{D5025608-A5C1-430D-BD48-25F0FE98BBA6}.Debug|Any CPU.ActiveCfg = Debug|Any CPU
		{D5025608-A5C1-430D-BD48-25F0FE98BBA6}.Debug|Any CPU.Build.0 = Debug|Any CPU
		{D5025608-A5C1-430D-BD48-25F0FE98BBA6}.Debug|x64.ActiveCfg = Debug|Any CPU
		{D5025608-A5C1-430D-BD48-25F0FE98BBA6}.Debug|x64.Build.0 = Debug|Any CPU
		{D5025608-A5C1-430D-BD48-25F0FE98BBA6}.Debug|x86.ActiveCfg = Debug|Any CPU
		{D5025608-A5C1-430D-BD48-25F0FE98BBA6}.Debug|x86.Build.0 = Debug|Any CPU
		{D5025608-A5C1-430D-BD48-25F0FE98BBA6}.Release|Any CPU.ActiveCfg = Release|Any CPU
		{D5025608-A5C1-430D-BD48-25F0FE98BBA6}.Release|Any CPU.Build.0 = Release|Any CPU
		{D5025608-A5C1-430D-BD48-25F0FE98BBA6}.Release|x64.ActiveCfg = Release|Any CPU
		{D5025608-A5C1-430D-BD48-25F0FE98BBA6}.Release|x64.Build.0 = Release|Any CPU
		{D5025608-A5C1-430D-BD48-25F0FE98BBA6}.Release|x86.ActiveCfg = Release|Any CPU
		{D5025608-A5C1-430D-BD48-25F0FE98BBA6}.Release|x86.Build.0 = Release|Any CPU
		{9D85B750-3B14-447B-A180-EE48ACB0578C}.Debug|Any CPU.ActiveCfg = Debug|Any CPU
		{9D85B750-3B14-447B-A180-EE48ACB0578C}.Debug|Any CPU.Build.0 = Debug|Any CPU
		{9D85B750-3B14-447B-A180-EE48ACB0578C}.Debug|x64.ActiveCfg = Debug|Any CPU
		{9D85B750-3B14-447B-A180-EE48ACB0578C}.Debug|x64.Build.0 = Debug|Any CPU
		{9D85B750-3B14-447B-A180-EE48ACB0578C}.Debug|x86.ActiveCfg = Debug|Any CPU
		{9D85B750-3B14-447B-A180-EE48ACB0578C}.Debug|x86.Build.0 = Debug|Any CPU
		{9D85B750-3B14-447B-A180-EE48ACB0578C}.Release|Any CPU.ActiveCfg = Release|Any CPU
		{9D85B750-3B14-447B-A180-EE48ACB0578C}.Release|Any CPU.Build.0 = Release|Any CPU
		{9D85B750-3B14-447B-A180-EE48ACB0578C}.Release|x64.ActiveCfg = Release|Any CPU
		{9D85B750-3B14-447B-A180-EE48ACB0578C}.Release|x64.Build.0 = Release|Any CPU
		{9D85B750-3B14-447B-A180-EE48ACB0578C}.Release|x86.ActiveCfg = Release|Any CPU
		{9D85B750-3B14-447B-A180-EE48ACB0578C}.Release|x86.Build.0 = Release|Any CPU
		{3B3931CC-16BE-498F-B251-B04B940309A6}.Debug|Any CPU.ActiveCfg = Debug|Any CPU
		{3B3931CC-16BE-498F-B251-B04B940309A6}.Debug|Any CPU.Build.0 = Debug|Any CPU
		{3B3931CC-16BE-498F-B251-B04B940309A6}.Debug|x64.ActiveCfg = Debug|Any CPU
		{3B3931CC-16BE-498F-B251-B04B940309A6}.Debug|x64.Build.0 = Debug|Any CPU
		{3B3931CC-16BE-498F-B251-B04B940309A6}.Debug|x86.ActiveCfg = Debug|Any CPU
		{3B3931CC-16BE-498F-B251-B04B940309A6}.Debug|x86.Build.0 = Debug|Any CPU
		{3B3931CC-16BE-498F-B251-B04B940309A6}.Release|Any CPU.ActiveCfg = Release|Any CPU
		{3B3931CC-16BE-498F-B251-B04B940309A6}.Release|Any CPU.Build.0 = Release|Any CPU
		{3B3931CC-16BE-498F-B251-B04B940309A6}.Release|x64.ActiveCfg = Release|Any CPU
		{3B3931CC-16BE-498F-B251-B04B940309A6}.Release|x64.Build.0 = Release|Any CPU
		{3B3931CC-16BE-498F-B251-B04B940309A6}.Release|x86.ActiveCfg = Release|Any CPU
		{3B3931CC-16BE-498F-B251-B04B940309A6}.Release|x86.Build.0 = Release|Any CPU
	EndGlobalSection
	GlobalSection(SolutionProperties) = preSolution
		HideSolutionNode = FALSE
	EndGlobalSection
	GlobalSection(NestedProjects) = preSolution
		{A2D099C3-AA77-4D48-ABA0-BDAF49EB339C} = {5BE1289E-0374-4C88-884B-DF17A878B3F4}
		{EE442EA7-EB69-4695-8F21-4D3F79228E50} = {5BE1289E-0374-4C88-884B-DF17A878B3F4}
		{B8905A6D-15E6-458A-89F6-63C7795792F1} = {62C8988F-0621-4B38-B046-CD32C83D6912}
		{377C2769-FE20-4D37-846A-10D9CA71C4CF} = {536BFBD5-C39A-473D-AA93-28DBA0A21265}
		{5343E86C-A6D9-4161-8D96-307AEB9D8986} = {1D475453-64AC-4F3B-ADC0-70794B35F900}
		{57695F53-376C-4696-86C7-06FD3BDDCA7A} = {1D475453-64AC-4F3B-ADC0-70794B35F900}
		{4B6D6015-E492-4042-BCAF-3426184B034D} = {1D475453-64AC-4F3B-ADC0-70794B35F900}
		{6D5E8F88-6580-42EF-AD7E-478D2BECB724} = {EE442EA7-EB69-4695-8F21-4D3F79228E50}
		{5944C370-C514-4C05-B765-7473DD654678} = {A2D099C3-AA77-4D48-ABA0-BDAF49EB339C}
		{ED91C979-4E19-4C22-B5DE-AEC89BF52FA0} = {A2D099C3-AA77-4D48-ABA0-BDAF49EB339C}
		{AC5C6353-80CE-4B12-98F0-287E76E68A87} = {1D475453-64AC-4F3B-ADC0-70794B35F900}
		{91FDBA4C-C0E8-4ADE-96D4-C6ED33073166} = {536BFBD5-C39A-473D-AA93-28DBA0A21265}
		{4FFC6550-1B7A-439F-9EAE-80D303A0A6DE} = {536BFBD5-C39A-473D-AA93-28DBA0A21265}
		{D9F1BF2F-2787-4474-A772-BA1F0208FB7D} = {73415BD3-058B-495A-9726-7279BF670451}
		{D17438D7-A41D-4D16-B3BE-C0C20A18093C} = {25AE5A14-81B1-4B5A-A9F3-8EB86CD468BC}
		{5C9BFC72-6B4A-45B1-906C-AC8B34C8DDEC} = {25AE5A14-81B1-4B5A-A9F3-8EB86CD468BC}
		{9B074D2F-776F-42F7-A16E-1F9C7515F5CB} = {25AE5A14-81B1-4B5A-A9F3-8EB86CD468BC}
		{7652F634-B614-4786-9DDF-E86CA8EA3956} = {25AE5A14-81B1-4B5A-A9F3-8EB86CD468BC}
		{4C87D754-7440-4770-87F8-BEF00DEC9409} = {25AE5A14-81B1-4B5A-A9F3-8EB86CD468BC}
		{97CD4DB4-329C-430B-B8B9-E4F5F90A6B2A} = {25AE5A14-81B1-4B5A-A9F3-8EB86CD468BC}
		{842CABE7-8003-476F-93CF-B1DD00272AFB} = {25AE5A14-81B1-4B5A-A9F3-8EB86CD468BC}
		{87BCE71A-2275-41E8-83FC-4A2A27BAE0C8} = {25AE5A14-81B1-4B5A-A9F3-8EB86CD468BC}
		{ABADE85C-8B3D-4D60-B338-373D5A7D1EF3} = {25AE5A14-81B1-4B5A-A9F3-8EB86CD468BC}
		{D5025608-A5C1-430D-BD48-25F0FE98BBA6} = {25AE5A14-81B1-4B5A-A9F3-8EB86CD468BC}
		{9D85B750-3B14-447B-A180-EE48ACB0578C} = {A2D099C3-AA77-4D48-ABA0-BDAF49EB339C}
		{3B3931CC-16BE-498F-B251-B04B940309A6} = {A2D099C3-AA77-4D48-ABA0-BDAF49EB339C}
	EndGlobalSection
	GlobalSection(ExtensibilityGlobals) = postSolution
		SolutionGuid = {083F9D38-7496-44CA-B1E2-9C04BA3DD0A6}
	EndGlobalSection
	GlobalSection(MonoDevelopProperties) = preSolution
		Policies = $0
		$0.DotNetNamingPolicy = $1
		$1.DirectoryNamespaceAssociation = PrefixedHierarchical
		$0.TextStylePolicy = $2
		$2.inheritsSet = null
		$2.scope = text/x-csharp
		$0.CSharpFormattingPolicy = $3
		$3.scope = text/x-csharp
	EndGlobalSection
EndGlobal
