
Microsoft Visual Studio Solution File, Format Version 12.00
# Visual Studio Version 16
VisualStudioVersion = 16.0.29806.167
MinimumVisualStudioVersion = 15.0.26124.0
Project("{2150E333-8FDC-42A3-9474-1A3956D46DE8}") = "Solution Items", "Solution Items", "{CD45B216-6211-42CF-922B-7145CB050457}"
ProjectSection(SolutionItems) = preProject
	Directory.Build.props = Directory.Build.props
	.editorconfig = .editorconfig
	.dockerignore = .dockerignore
	docker-compose.debug.yml = docker-compose.debug.yml
	docker-compose.yml = docker-compose.yml
	docker-compose-tests.yml = docker-compose-tests.yml
	docker-compose-tests.override.yml = docker-compose-tests.override.yml
	docker-compose.override.yml = docker-compose.override.yml
	docker-compose.prod.yml = docker-compose.prod.yml
EndProjectSection
EndProject
Project("{FAE04EC0-301F-11D3-BF4B-00C04F79EFBC}") = "Budgeting.Domain", "Services\Budgeting\Budgeting.Domain\Budgeting.Domain.csproj", "{B8905A6D-15E6-458A-89F6-63C7795792F1}"
EndProject
Project("{FAE04EC0-301F-11D3-BF4B-00C04F79EFBC}") = "Budgeting.UnitTests", "Services\Budgeting\Budgeting.UnitTests\Budgeting.UnitTests.csproj", "{5343E86C-A6D9-4161-8D96-307AEB9D8986}"
EndProject
Project("{FAE04EC0-301F-11D3-BF4B-00C04F79EFBC}") = "Budgeting.FunctionalTests", "Services\Budgeting\Budgeting.FunctionalTests\Budgeting.FunctionalTests.csproj", "{4B6D6015-E492-4042-BCAF-3426184B034D}"
EndProject
Project("{FAE04EC0-301F-11D3-BF4B-00C04F79EFBC}") = "Budgeting.Infrastructure", "Services\Budgeting\Budgeting.Infrastructure\Budgeting.Infrastructure.csproj", "{6D5E8F88-6580-42EF-AD7E-478D2BECB724}"
EndProject
Project("{FAE04EC0-301F-11D3-BF4B-00C04F79EFBC}") = "Web.Gateway", "ApiGateways\Web.Gateway\Web.Gateway.csproj", "{5944C370-C514-4C05-B765-7473DD654678}"
EndProject
Project("{FAE04EC0-301F-11D3-BF4B-00C04F79EFBC}") = "Holefeeder.Web", "Web\Holefeeder.Web\Holefeeder.Web.csproj", "{ED91C979-4E19-4C22-B5DE-AEC89BF52FA0}"
EndProject
Project("{FAE04EC0-301F-11D3-BF4B-00C04F79EFBC}") = "Budgeting.Application", "Services\Budgeting\Budgeting.Application\Budgeting.Application.csproj", "{91FDBA4C-C0E8-4ADE-96D4-C6ED33073166}"
EndProject
Project("{FAE04EC0-301F-11D3-BF4B-00C04F79EFBC}") = "Framework.SeedWork", "BuildingBlocks\Framework.SeedWork\Framework.SeedWork.csproj", "{D9F1BF2F-2787-4474-A772-BA1F0208FB7D}"
EndProject
Project("{2150E333-8FDC-42A3-9474-1A3956D46DE8}") = "Legacy", "Legacy", "{25AE5A14-81B1-4B5A-A9F3-8EB86CD468BC}"
EndProject
Project("{FAE04EC0-301F-11D3-BF4B-00C04F79EFBC}") = "DrifterApps.Holefeeder.Business", "Legacy\DrifterApps.Holefeeder.Business\DrifterApps.Holefeeder.Business.csproj", "{D17438D7-A41D-4D16-B3BE-C0C20A18093C}"
EndProject
Project("{FAE04EC0-301F-11D3-BF4B-00C04F79EFBC}") = "DrifterApps.Holefeeder.Business.Contracts", "Legacy\DrifterApps.Holefeeder.Business.Contracts\DrifterApps.Holefeeder.Business.Contracts.csproj", "{5C9BFC72-6B4A-45B1-906C-AC8B34C8DDEC}"
EndProject
Project("{FAE04EC0-301F-11D3-BF4B-00C04F79EFBC}") = "DrifterApps.Holefeeder.Business.Entities", "Legacy\DrifterApps.Holefeeder.Business.Entities\DrifterApps.Holefeeder.Business.Entities.csproj", "{9B074D2F-776F-42F7-A16E-1F9C7515F5CB}"
EndProject
Project("{FAE04EC0-301F-11D3-BF4B-00C04F79EFBC}") = "DrifterApps.Holefeeder.Common", "Legacy\DrifterApps.Holefeeder.Common\DrifterApps.Holefeeder.Common.csproj", "{7652F634-B614-4786-9DDF-E86CA8EA3956}"
EndProject
Project("{FAE04EC0-301F-11D3-BF4B-00C04F79EFBC}") = "DrifterApps.Holefeeder.Common.IoC", "Legacy\DrifterApps.Holefeeder.Common.IoC\DrifterApps.Holefeeder.Common.IoC.csproj", "{4C87D754-7440-4770-87F8-BEF00DEC9409}"
EndProject
Project("{FAE04EC0-301F-11D3-BF4B-00C04F79EFBC}") = "DrifterApps.Holefeeder.ResourcesAccess.Contracts", "Legacy\DrifterApps.Holefeeder.ResourcesAccess.Contracts\DrifterApps.Holefeeder.ResourcesAccess.Contracts.csproj", "{97CD4DB4-329C-430B-B8B9-E4F5F90A6B2A}"
EndProject
Project("{FAE04EC0-301F-11D3-BF4B-00C04F79EFBC}") = "DrifterApps.Holefeeder.ResourcesAccess.Mongo", "Legacy\DrifterApps.Holefeeder.ResourcesAccess.Mongo\DrifterApps.Holefeeder.ResourcesAccess.Mongo.csproj", "{842CABE7-8003-476F-93CF-B1DD00272AFB}"
EndProject
Project("{FAE04EC0-301F-11D3-BF4B-00C04F79EFBC}") = "DrifterApps.Holefeeder.Services.BudgetApi", "Legacy\DrifterApps.Holefeeder.Services.BudgetApi\DrifterApps.Holefeeder.Services.BudgetApi.csproj", "{87BCE71A-2275-41E8-83FC-4A2A27BAE0C8}"
EndProject
Project("{FAE04EC0-301F-11D3-BF4B-00C04F79EFBC}") = "DrifterApps.Holefeeder.Services.BudgetDto", "Legacy\DrifterApps.Holefeeder.Services.BudgetDto\DrifterApps.Holefeeder.Services.BudgetDto.csproj", "{ABADE85C-8B3D-4D60-B338-373D5A7D1EF3}"
EndProject
Project("{FAE04EC0-301F-11D3-BF4B-00C04F79EFBC}") = "DrifterApps.Holefeeder.ServicesHosts.BudgetApi", "Legacy\DrifterApps.Holefeeder.ServicesHosts.BudgetApi\DrifterApps.Holefeeder.ServicesHosts.BudgetApi.csproj", "{D5025608-A5C1-430D-BD48-25F0FE98BBA6}"
EndProject
Project("{FAE04EC0-301F-11D3-BF4B-00C04F79EFBC}") = "Budgeting.API", "Services\Budgeting\Budgeting.API\Budgeting.API.csproj", "{9D85B750-3B14-447B-A180-EE48ACB0578C}"
EndProject
Project("{2150E333-8FDC-42A3-9474-1A3956D46DE8}") = "src", "src", "{D656D1B9-4F13-4BAB-9117-60F22C30F331}"
EndProject
Project("{2150E333-8FDC-42A3-9474-1A3956D46DE8}") = "Web", "Web", "{183493E3-26C7-4917-B2F4-967AAE99AC8E}"
EndProject
Project("{2150E333-8FDC-42A3-9474-1A3956D46DE8}") = "ApiGateways", "ApiGateways", "{42EDE4F6-F2C1-443B-B3BD-9AC0108635B7}"
EndProject
Project("{2150E333-8FDC-42A3-9474-1A3956D46DE8}") = "Services", "Services", "{DA66D2E5-2B59-456D-AA54-2AA9D7A5A490}"
EndProject
Project("{2150E333-8FDC-42A3-9474-1A3956D46DE8}") = "Budgeting", "Budgeting", "{FE4F367A-F8F3-4DF5-800E-9EBEAA0F53F9}"
EndProject
Project("{2150E333-8FDC-42A3-9474-1A3956D46DE8}") = "tests", "tests", "{22F067DA-DB97-4384-BE3B-888DF0312DAE}"
EndProject
Project("{2150E333-8FDC-42A3-9474-1A3956D46DE8}") = "BuildingBlocks", "BuildingBlocks", "{BC1AAE8B-FDB2-4017-B565-81125E6D4E12}"
EndProject
Project("{2150E333-8FDC-42A3-9474-1A3956D46DE8}") = "tests", "tests", "{639C95A6-923B-4626-BCC0-A8C4D70C89A3}"
EndProject
Project("{2150E333-8FDC-42A3-9474-1A3956D46DE8}") = "ObjectStore", "ObjectStore", "{BE907AE8-813D-4E29-986E-79AF5E16445E}"
EndProject
Project("{2150E333-8FDC-42A3-9474-1A3956D46DE8}") = "tests", "tests", "{9BB6DD3A-EA4A-47D8-AD27-D53CB520A2AA}"
EndProject
Project("{FAE04EC0-301F-11D3-BF4B-00C04F79EFBC}") = "ObjectStore.API", "Services\ObjectStore\ObjectStore.API\ObjectStore.API.csproj", "{F31C69B1-4FDA-4E49-AA24-FE47FF48EF4A}"
EndProject
Project("{FAE04EC0-301F-11D3-BF4B-00C04F79EFBC}") = "ObjectStore.Infrastructure", "Services\ObjectStore\ObjectStore.Infrastructure\ObjectStore.Infrastructure.csproj", "{34FBAD42-E924-4149-9ACE-E0FB092FAE4F}"
EndProject
Project("{FAE04EC0-301F-11D3-BF4B-00C04F79EFBC}") = "ObjectStore.Domain", "Services\ObjectStore\ObjectStore.Domain\ObjectStore.Domain.csproj", "{67E0C0DA-69ED-4896-B237-5BE0DD026922}"
EndProject
Project("{FAE04EC0-301F-11D3-BF4B-00C04F79EFBC}") = "ObjectStore.UnitTests", "Services\ObjectStore\ObjectStore.UnitTests\ObjectStore.UnitTests.csproj", "{9BBD08CE-28EC-4654-80B5-57345539B071}"
EndProject
Project("{FAE04EC0-301F-11D3-BF4B-00C04F79EFBC}") = "ObjectStore.FunctionalTests", "Services\ObjectStore\ObjectStore.FunctionalTests\ObjectStore.FunctionalTests.csproj", "{74AB8845-87EE-4FA0-83FB-152BAD819014}"
EndProject
Project("{FAE04EC0-301F-11D3-BF4B-00C04F79EFBC}") = "Framework.Mongo.SeedWork", "BuildingBlocks\Framework.Mongo.SeedWork\Framework.Mongo.SeedWork.csproj", "{F4F14078-FEDF-4C06-A9B0-1557F0F5B4F8}"
EndProject
Project("{FAE04EC0-301F-11D3-BF4B-00C04F79EFBC}") = "ObjectStore.Application", "Services\ObjectStore\ObjectStore.Application\ObjectStore.Application.csproj", "{0A3AB0B4-9E22-4A72-BE31-77CDBA7FBCDD}"
EndProject
Global
	GlobalSection(SolutionConfigurationPlatforms) = preSolution
		Debug|Any CPU = Debug|Any CPU
		Debug|x64 = Debug|x64
		Debug|x86 = Debug|x86
		Release|Any CPU = Release|Any CPU
		Release|x64 = Release|x64
		Release|x86 = Release|x86
	EndGlobalSection
	GlobalSection(ProjectConfigurationPlatforms) = postSolution
		{B8905A6D-15E6-458A-89F6-63C7795792F1}.Debug|Any CPU.ActiveCfg = Debug|Any CPU
		{B8905A6D-15E6-458A-89F6-63C7795792F1}.Debug|Any CPU.Build.0 = Debug|Any CPU
		{B8905A6D-15E6-458A-89F6-63C7795792F1}.Debug|x64.ActiveCfg = Debug|Any CPU
		{B8905A6D-15E6-458A-89F6-63C7795792F1}.Debug|x64.Build.0 = Debug|Any CPU
		{B8905A6D-15E6-458A-89F6-63C7795792F1}.Debug|x86.ActiveCfg = Debug|Any CPU
		{B8905A6D-15E6-458A-89F6-63C7795792F1}.Debug|x86.Build.0 = Debug|Any CPU
		{B8905A6D-15E6-458A-89F6-63C7795792F1}.Release|Any CPU.ActiveCfg = Release|Any CPU
		{B8905A6D-15E6-458A-89F6-63C7795792F1}.Release|Any CPU.Build.0 = Release|Any CPU
		{B8905A6D-15E6-458A-89F6-63C7795792F1}.Release|x64.ActiveCfg = Release|Any CPU
		{B8905A6D-15E6-458A-89F6-63C7795792F1}.Release|x64.Build.0 = Release|Any CPU
		{B8905A6D-15E6-458A-89F6-63C7795792F1}.Release|x86.ActiveCfg = Release|Any CPU
		{B8905A6D-15E6-458A-89F6-63C7795792F1}.Release|x86.Build.0 = Release|Any CPU
		{5343E86C-A6D9-4161-8D96-307AEB9D8986}.Debug|Any CPU.ActiveCfg = Debug|Any CPU
		{5343E86C-A6D9-4161-8D96-307AEB9D8986}.Debug|Any CPU.Build.0 = Debug|Any CPU
		{5343E86C-A6D9-4161-8D96-307AEB9D8986}.Debug|x64.ActiveCfg = Debug|Any CPU
		{5343E86C-A6D9-4161-8D96-307AEB9D8986}.Debug|x64.Build.0 = Debug|Any CPU
		{5343E86C-A6D9-4161-8D96-307AEB9D8986}.Debug|x86.ActiveCfg = Debug|Any CPU
		{5343E86C-A6D9-4161-8D96-307AEB9D8986}.Debug|x86.Build.0 = Debug|Any CPU
		{5343E86C-A6D9-4161-8D96-307AEB9D8986}.Release|Any CPU.ActiveCfg = Release|Any CPU
		{5343E86C-A6D9-4161-8D96-307AEB9D8986}.Release|Any CPU.Build.0 = Release|Any CPU
		{5343E86C-A6D9-4161-8D96-307AEB9D8986}.Release|x64.ActiveCfg = Release|Any CPU
		{5343E86C-A6D9-4161-8D96-307AEB9D8986}.Release|x64.Build.0 = Release|Any CPU
		{5343E86C-A6D9-4161-8D96-307AEB9D8986}.Release|x86.ActiveCfg = Release|Any CPU
		{5343E86C-A6D9-4161-8D96-307AEB9D8986}.Release|x86.Build.0 = Release|Any CPU
		{4B6D6015-E492-4042-BCAF-3426184B034D}.Debug|Any CPU.ActiveCfg = Debug|Any CPU
		{4B6D6015-E492-4042-BCAF-3426184B034D}.Debug|Any CPU.Build.0 = Debug|Any CPU
		{4B6D6015-E492-4042-BCAF-3426184B034D}.Debug|x64.ActiveCfg = Debug|Any CPU
		{4B6D6015-E492-4042-BCAF-3426184B034D}.Debug|x64.Build.0 = Debug|Any CPU
		{4B6D6015-E492-4042-BCAF-3426184B034D}.Debug|x86.ActiveCfg = Debug|Any CPU
		{4B6D6015-E492-4042-BCAF-3426184B034D}.Debug|x86.Build.0 = Debug|Any CPU
		{4B6D6015-E492-4042-BCAF-3426184B034D}.Release|Any CPU.ActiveCfg = Release|Any CPU
		{4B6D6015-E492-4042-BCAF-3426184B034D}.Release|Any CPU.Build.0 = Release|Any CPU
		{4B6D6015-E492-4042-BCAF-3426184B034D}.Release|x64.ActiveCfg = Release|Any CPU
		{4B6D6015-E492-4042-BCAF-3426184B034D}.Release|x64.Build.0 = Release|Any CPU
		{4B6D6015-E492-4042-BCAF-3426184B034D}.Release|x86.ActiveCfg = Release|Any CPU
		{4B6D6015-E492-4042-BCAF-3426184B034D}.Release|x86.Build.0 = Release|Any CPU
		{6D5E8F88-6580-42EF-AD7E-478D2BECB724}.Debug|Any CPU.ActiveCfg = Debug|Any CPU
		{6D5E8F88-6580-42EF-AD7E-478D2BECB724}.Debug|Any CPU.Build.0 = Debug|Any CPU
		{6D5E8F88-6580-42EF-AD7E-478D2BECB724}.Debug|x64.ActiveCfg = Debug|Any CPU
		{6D5E8F88-6580-42EF-AD7E-478D2BECB724}.Debug|x64.Build.0 = Debug|Any CPU
		{6D5E8F88-6580-42EF-AD7E-478D2BECB724}.Debug|x86.ActiveCfg = Debug|Any CPU
		{6D5E8F88-6580-42EF-AD7E-478D2BECB724}.Debug|x86.Build.0 = Debug|Any CPU
		{6D5E8F88-6580-42EF-AD7E-478D2BECB724}.Release|Any CPU.ActiveCfg = Release|Any CPU
		{6D5E8F88-6580-42EF-AD7E-478D2BECB724}.Release|Any CPU.Build.0 = Release|Any CPU
		{6D5E8F88-6580-42EF-AD7E-478D2BECB724}.Release|x64.ActiveCfg = Release|Any CPU
		{6D5E8F88-6580-42EF-AD7E-478D2BECB724}.Release|x64.Build.0 = Release|Any CPU
		{6D5E8F88-6580-42EF-AD7E-478D2BECB724}.Release|x86.ActiveCfg = Release|Any CPU
		{6D5E8F88-6580-42EF-AD7E-478D2BECB724}.Release|x86.Build.0 = Release|Any CPU
		{5944C370-C514-4C05-B765-7473DD654678}.Debug|Any CPU.ActiveCfg = Debug|Any CPU
		{5944C370-C514-4C05-B765-7473DD654678}.Debug|Any CPU.Build.0 = Debug|Any CPU
		{5944C370-C514-4C05-B765-7473DD654678}.Debug|x64.ActiveCfg = Debug|Any CPU
		{5944C370-C514-4C05-B765-7473DD654678}.Debug|x64.Build.0 = Debug|Any CPU
		{5944C370-C514-4C05-B765-7473DD654678}.Debug|x86.ActiveCfg = Debug|Any CPU
		{5944C370-C514-4C05-B765-7473DD654678}.Debug|x86.Build.0 = Debug|Any CPU
		{5944C370-C514-4C05-B765-7473DD654678}.Release|Any CPU.ActiveCfg = Release|Any CPU
		{5944C370-C514-4C05-B765-7473DD654678}.Release|Any CPU.Build.0 = Release|Any CPU
		{5944C370-C514-4C05-B765-7473DD654678}.Release|x64.ActiveCfg = Release|Any CPU
		{5944C370-C514-4C05-B765-7473DD654678}.Release|x64.Build.0 = Release|Any CPU
		{5944C370-C514-4C05-B765-7473DD654678}.Release|x86.ActiveCfg = Release|Any CPU
		{5944C370-C514-4C05-B765-7473DD654678}.Release|x86.Build.0 = Release|Any CPU
		{ED91C979-4E19-4C22-B5DE-AEC89BF52FA0}.Debug|Any CPU.ActiveCfg = Debug|Any CPU
		{ED91C979-4E19-4C22-B5DE-AEC89BF52FA0}.Debug|Any CPU.Build.0 = Debug|Any CPU
		{ED91C979-4E19-4C22-B5DE-AEC89BF52FA0}.Debug|x64.ActiveCfg = Debug|Any CPU
		{ED91C979-4E19-4C22-B5DE-AEC89BF52FA0}.Debug|x64.Build.0 = Debug|Any CPU
		{ED91C979-4E19-4C22-B5DE-AEC89BF52FA0}.Debug|x86.ActiveCfg = Debug|Any CPU
		{ED91C979-4E19-4C22-B5DE-AEC89BF52FA0}.Debug|x86.Build.0 = Debug|Any CPU
		{ED91C979-4E19-4C22-B5DE-AEC89BF52FA0}.Release|Any CPU.ActiveCfg = Release|Any CPU
		{ED91C979-4E19-4C22-B5DE-AEC89BF52FA0}.Release|Any CPU.Build.0 = Release|Any CPU
		{ED91C979-4E19-4C22-B5DE-AEC89BF52FA0}.Release|x64.ActiveCfg = Release|Any CPU
		{ED91C979-4E19-4C22-B5DE-AEC89BF52FA0}.Release|x64.Build.0 = Release|Any CPU
		{ED91C979-4E19-4C22-B5DE-AEC89BF52FA0}.Release|x86.ActiveCfg = Release|Any CPU
		{ED91C979-4E19-4C22-B5DE-AEC89BF52FA0}.Release|x86.Build.0 = Release|Any CPU
		{91FDBA4C-C0E8-4ADE-96D4-C6ED33073166}.Debug|Any CPU.ActiveCfg = Debug|Any CPU
		{91FDBA4C-C0E8-4ADE-96D4-C6ED33073166}.Debug|Any CPU.Build.0 = Debug|Any CPU
		{91FDBA4C-C0E8-4ADE-96D4-C6ED33073166}.Debug|x64.ActiveCfg = Debug|Any CPU
		{91FDBA4C-C0E8-4ADE-96D4-C6ED33073166}.Debug|x64.Build.0 = Debug|Any CPU
		{91FDBA4C-C0E8-4ADE-96D4-C6ED33073166}.Debug|x86.ActiveCfg = Debug|Any CPU
		{91FDBA4C-C0E8-4ADE-96D4-C6ED33073166}.Debug|x86.Build.0 = Debug|Any CPU
		{91FDBA4C-C0E8-4ADE-96D4-C6ED33073166}.Release|Any CPU.ActiveCfg = Release|Any CPU
		{91FDBA4C-C0E8-4ADE-96D4-C6ED33073166}.Release|Any CPU.Build.0 = Release|Any CPU
		{91FDBA4C-C0E8-4ADE-96D4-C6ED33073166}.Release|x64.ActiveCfg = Release|Any CPU
		{91FDBA4C-C0E8-4ADE-96D4-C6ED33073166}.Release|x64.Build.0 = Release|Any CPU
		{91FDBA4C-C0E8-4ADE-96D4-C6ED33073166}.Release|x86.ActiveCfg = Release|Any CPU
		{91FDBA4C-C0E8-4ADE-96D4-C6ED33073166}.Release|x86.Build.0 = Release|Any CPU
		{D9F1BF2F-2787-4474-A772-BA1F0208FB7D}.Debug|Any CPU.ActiveCfg = Debug|Any CPU
		{D9F1BF2F-2787-4474-A772-BA1F0208FB7D}.Debug|Any CPU.Build.0 = Debug|Any CPU
		{D9F1BF2F-2787-4474-A772-BA1F0208FB7D}.Debug|x64.ActiveCfg = Debug|Any CPU
		{D9F1BF2F-2787-4474-A772-BA1F0208FB7D}.Debug|x64.Build.0 = Debug|Any CPU
		{D9F1BF2F-2787-4474-A772-BA1F0208FB7D}.Debug|x86.ActiveCfg = Debug|Any CPU
		{D9F1BF2F-2787-4474-A772-BA1F0208FB7D}.Debug|x86.Build.0 = Debug|Any CPU
		{D9F1BF2F-2787-4474-A772-BA1F0208FB7D}.Release|Any CPU.ActiveCfg = Release|Any CPU
		{D9F1BF2F-2787-4474-A772-BA1F0208FB7D}.Release|Any CPU.Build.0 = Release|Any CPU
		{D9F1BF2F-2787-4474-A772-BA1F0208FB7D}.Release|x64.ActiveCfg = Release|Any CPU
		{D9F1BF2F-2787-4474-A772-BA1F0208FB7D}.Release|x64.Build.0 = Release|Any CPU
		{D9F1BF2F-2787-4474-A772-BA1F0208FB7D}.Release|x86.ActiveCfg = Release|Any CPU
		{D9F1BF2F-2787-4474-A772-BA1F0208FB7D}.Release|x86.Build.0 = Release|Any CPU
		{D17438D7-A41D-4D16-B3BE-C0C20A18093C}.Debug|Any CPU.ActiveCfg = Debug|Any CPU
		{D17438D7-A41D-4D16-B3BE-C0C20A18093C}.Debug|Any CPU.Build.0 = Debug|Any CPU
		{D17438D7-A41D-4D16-B3BE-C0C20A18093C}.Debug|x64.ActiveCfg = Debug|Any CPU
		{D17438D7-A41D-4D16-B3BE-C0C20A18093C}.Debug|x64.Build.0 = Debug|Any CPU
		{D17438D7-A41D-4D16-B3BE-C0C20A18093C}.Debug|x86.ActiveCfg = Debug|Any CPU
		{D17438D7-A41D-4D16-B3BE-C0C20A18093C}.Debug|x86.Build.0 = Debug|Any CPU
		{D17438D7-A41D-4D16-B3BE-C0C20A18093C}.Release|Any CPU.ActiveCfg = Release|Any CPU
		{D17438D7-A41D-4D16-B3BE-C0C20A18093C}.Release|Any CPU.Build.0 = Release|Any CPU
		{D17438D7-A41D-4D16-B3BE-C0C20A18093C}.Release|x64.ActiveCfg = Release|Any CPU
		{D17438D7-A41D-4D16-B3BE-C0C20A18093C}.Release|x64.Build.0 = Release|Any CPU
		{D17438D7-A41D-4D16-B3BE-C0C20A18093C}.Release|x86.ActiveCfg = Release|Any CPU
		{D17438D7-A41D-4D16-B3BE-C0C20A18093C}.Release|x86.Build.0 = Release|Any CPU
		{5C9BFC72-6B4A-45B1-906C-AC8B34C8DDEC}.Debug|Any CPU.ActiveCfg = Debug|Any CPU
		{5C9BFC72-6B4A-45B1-906C-AC8B34C8DDEC}.Debug|Any CPU.Build.0 = Debug|Any CPU
		{5C9BFC72-6B4A-45B1-906C-AC8B34C8DDEC}.Debug|x64.ActiveCfg = Debug|Any CPU
		{5C9BFC72-6B4A-45B1-906C-AC8B34C8DDEC}.Debug|x64.Build.0 = Debug|Any CPU
		{5C9BFC72-6B4A-45B1-906C-AC8B34C8DDEC}.Debug|x86.ActiveCfg = Debug|Any CPU
		{5C9BFC72-6B4A-45B1-906C-AC8B34C8DDEC}.Debug|x86.Build.0 = Debug|Any CPU
		{5C9BFC72-6B4A-45B1-906C-AC8B34C8DDEC}.Release|Any CPU.ActiveCfg = Release|Any CPU
		{5C9BFC72-6B4A-45B1-906C-AC8B34C8DDEC}.Release|Any CPU.Build.0 = Release|Any CPU
		{5C9BFC72-6B4A-45B1-906C-AC8B34C8DDEC}.Release|x64.ActiveCfg = Release|Any CPU
		{5C9BFC72-6B4A-45B1-906C-AC8B34C8DDEC}.Release|x64.Build.0 = Release|Any CPU
		{5C9BFC72-6B4A-45B1-906C-AC8B34C8DDEC}.Release|x86.ActiveCfg = Release|Any CPU
		{5C9BFC72-6B4A-45B1-906C-AC8B34C8DDEC}.Release|x86.Build.0 = Release|Any CPU
		{9B074D2F-776F-42F7-A16E-1F9C7515F5CB}.Debug|Any CPU.ActiveCfg = Debug|Any CPU
		{9B074D2F-776F-42F7-A16E-1F9C7515F5CB}.Debug|Any CPU.Build.0 = Debug|Any CPU
		{9B074D2F-776F-42F7-A16E-1F9C7515F5CB}.Debug|x64.ActiveCfg = Debug|Any CPU
		{9B074D2F-776F-42F7-A16E-1F9C7515F5CB}.Debug|x64.Build.0 = Debug|Any CPU
		{9B074D2F-776F-42F7-A16E-1F9C7515F5CB}.Debug|x86.ActiveCfg = Debug|Any CPU
		{9B074D2F-776F-42F7-A16E-1F9C7515F5CB}.Debug|x86.Build.0 = Debug|Any CPU
		{9B074D2F-776F-42F7-A16E-1F9C7515F5CB}.Release|Any CPU.ActiveCfg = Release|Any CPU
		{9B074D2F-776F-42F7-A16E-1F9C7515F5CB}.Release|Any CPU.Build.0 = Release|Any CPU
		{9B074D2F-776F-42F7-A16E-1F9C7515F5CB}.Release|x64.ActiveCfg = Release|Any CPU
		{9B074D2F-776F-42F7-A16E-1F9C7515F5CB}.Release|x64.Build.0 = Release|Any CPU
		{9B074D2F-776F-42F7-A16E-1F9C7515F5CB}.Release|x86.ActiveCfg = Release|Any CPU
		{9B074D2F-776F-42F7-A16E-1F9C7515F5CB}.Release|x86.Build.0 = Release|Any CPU
		{7652F634-B614-4786-9DDF-E86CA8EA3956}.Debug|Any CPU.ActiveCfg = Debug|Any CPU
		{7652F634-B614-4786-9DDF-E86CA8EA3956}.Debug|Any CPU.Build.0 = Debug|Any CPU
		{7652F634-B614-4786-9DDF-E86CA8EA3956}.Debug|x64.ActiveCfg = Debug|Any CPU
		{7652F634-B614-4786-9DDF-E86CA8EA3956}.Debug|x64.Build.0 = Debug|Any CPU
		{7652F634-B614-4786-9DDF-E86CA8EA3956}.Debug|x86.ActiveCfg = Debug|Any CPU
		{7652F634-B614-4786-9DDF-E86CA8EA3956}.Debug|x86.Build.0 = Debug|Any CPU
		{7652F634-B614-4786-9DDF-E86CA8EA3956}.Release|Any CPU.ActiveCfg = Release|Any CPU
		{7652F634-B614-4786-9DDF-E86CA8EA3956}.Release|Any CPU.Build.0 = Release|Any CPU
		{7652F634-B614-4786-9DDF-E86CA8EA3956}.Release|x64.ActiveCfg = Release|Any CPU
		{7652F634-B614-4786-9DDF-E86CA8EA3956}.Release|x64.Build.0 = Release|Any CPU
		{7652F634-B614-4786-9DDF-E86CA8EA3956}.Release|x86.ActiveCfg = Release|Any CPU
		{7652F634-B614-4786-9DDF-E86CA8EA3956}.Release|x86.Build.0 = Release|Any CPU
		{4C87D754-7440-4770-87F8-BEF00DEC9409}.Debug|Any CPU.ActiveCfg = Debug|Any CPU
		{4C87D754-7440-4770-87F8-BEF00DEC9409}.Debug|Any CPU.Build.0 = Debug|Any CPU
		{4C87D754-7440-4770-87F8-BEF00DEC9409}.Debug|x64.ActiveCfg = Debug|Any CPU
		{4C87D754-7440-4770-87F8-BEF00DEC9409}.Debug|x64.Build.0 = Debug|Any CPU
		{4C87D754-7440-4770-87F8-BEF00DEC9409}.Debug|x86.ActiveCfg = Debug|Any CPU
		{4C87D754-7440-4770-87F8-BEF00DEC9409}.Debug|x86.Build.0 = Debug|Any CPU
		{4C87D754-7440-4770-87F8-BEF00DEC9409}.Release|Any CPU.ActiveCfg = Release|Any CPU
		{4C87D754-7440-4770-87F8-BEF00DEC9409}.Release|Any CPU.Build.0 = Release|Any CPU
		{4C87D754-7440-4770-87F8-BEF00DEC9409}.Release|x64.ActiveCfg = Release|Any CPU
		{4C87D754-7440-4770-87F8-BEF00DEC9409}.Release|x64.Build.0 = Release|Any CPU
		{4C87D754-7440-4770-87F8-BEF00DEC9409}.Release|x86.ActiveCfg = Release|Any CPU
		{4C87D754-7440-4770-87F8-BEF00DEC9409}.Release|x86.Build.0 = Release|Any CPU
		{97CD4DB4-329C-430B-B8B9-E4F5F90A6B2A}.Debug|Any CPU.ActiveCfg = Debug|Any CPU
		{97CD4DB4-329C-430B-B8B9-E4F5F90A6B2A}.Debug|Any CPU.Build.0 = Debug|Any CPU
		{97CD4DB4-329C-430B-B8B9-E4F5F90A6B2A}.Debug|x64.ActiveCfg = Debug|Any CPU
		{97CD4DB4-329C-430B-B8B9-E4F5F90A6B2A}.Debug|x64.Build.0 = Debug|Any CPU
		{97CD4DB4-329C-430B-B8B9-E4F5F90A6B2A}.Debug|x86.ActiveCfg = Debug|Any CPU
		{97CD4DB4-329C-430B-B8B9-E4F5F90A6B2A}.Debug|x86.Build.0 = Debug|Any CPU
		{97CD4DB4-329C-430B-B8B9-E4F5F90A6B2A}.Release|Any CPU.ActiveCfg = Release|Any CPU
		{97CD4DB4-329C-430B-B8B9-E4F5F90A6B2A}.Release|Any CPU.Build.0 = Release|Any CPU
		{97CD4DB4-329C-430B-B8B9-E4F5F90A6B2A}.Release|x64.ActiveCfg = Release|Any CPU
		{97CD4DB4-329C-430B-B8B9-E4F5F90A6B2A}.Release|x64.Build.0 = Release|Any CPU
		{97CD4DB4-329C-430B-B8B9-E4F5F90A6B2A}.Release|x86.ActiveCfg = Release|Any CPU
		{97CD4DB4-329C-430B-B8B9-E4F5F90A6B2A}.Release|x86.Build.0 = Release|Any CPU
		{842CABE7-8003-476F-93CF-B1DD00272AFB}.Debug|Any CPU.ActiveCfg = Debug|Any CPU
		{842CABE7-8003-476F-93CF-B1DD00272AFB}.Debug|Any CPU.Build.0 = Debug|Any CPU
		{842CABE7-8003-476F-93CF-B1DD00272AFB}.Debug|x64.ActiveCfg = Debug|Any CPU
		{842CABE7-8003-476F-93CF-B1DD00272AFB}.Debug|x64.Build.0 = Debug|Any CPU
		{842CABE7-8003-476F-93CF-B1DD00272AFB}.Debug|x86.ActiveCfg = Debug|Any CPU
		{842CABE7-8003-476F-93CF-B1DD00272AFB}.Debug|x86.Build.0 = Debug|Any CPU
		{842CABE7-8003-476F-93CF-B1DD00272AFB}.Release|Any CPU.ActiveCfg = Release|Any CPU
		{842CABE7-8003-476F-93CF-B1DD00272AFB}.Release|Any CPU.Build.0 = Release|Any CPU
		{842CABE7-8003-476F-93CF-B1DD00272AFB}.Release|x64.ActiveCfg = Release|Any CPU
		{842CABE7-8003-476F-93CF-B1DD00272AFB}.Release|x64.Build.0 = Release|Any CPU
		{842CABE7-8003-476F-93CF-B1DD00272AFB}.Release|x86.ActiveCfg = Release|Any CPU
		{842CABE7-8003-476F-93CF-B1DD00272AFB}.Release|x86.Build.0 = Release|Any CPU
		{87BCE71A-2275-41E8-83FC-4A2A27BAE0C8}.Debug|Any CPU.ActiveCfg = Debug|Any CPU
		{87BCE71A-2275-41E8-83FC-4A2A27BAE0C8}.Debug|Any CPU.Build.0 = Debug|Any CPU
		{87BCE71A-2275-41E8-83FC-4A2A27BAE0C8}.Debug|x64.ActiveCfg = Debug|Any CPU
		{87BCE71A-2275-41E8-83FC-4A2A27BAE0C8}.Debug|x64.Build.0 = Debug|Any CPU
		{87BCE71A-2275-41E8-83FC-4A2A27BAE0C8}.Debug|x86.ActiveCfg = Debug|Any CPU
		{87BCE71A-2275-41E8-83FC-4A2A27BAE0C8}.Debug|x86.Build.0 = Debug|Any CPU
		{87BCE71A-2275-41E8-83FC-4A2A27BAE0C8}.Release|Any CPU.ActiveCfg = Release|Any CPU
		{87BCE71A-2275-41E8-83FC-4A2A27BAE0C8}.Release|Any CPU.Build.0 = Release|Any CPU
		{87BCE71A-2275-41E8-83FC-4A2A27BAE0C8}.Release|x64.ActiveCfg = Release|Any CPU
		{87BCE71A-2275-41E8-83FC-4A2A27BAE0C8}.Release|x64.Build.0 = Release|Any CPU
		{87BCE71A-2275-41E8-83FC-4A2A27BAE0C8}.Release|x86.ActiveCfg = Release|Any CPU
		{87BCE71A-2275-41E8-83FC-4A2A27BAE0C8}.Release|x86.Build.0 = Release|Any CPU
		{ABADE85C-8B3D-4D60-B338-373D5A7D1EF3}.Debug|Any CPU.ActiveCfg = Debug|Any CPU
		{ABADE85C-8B3D-4D60-B338-373D5A7D1EF3}.Debug|Any CPU.Build.0 = Debug|Any CPU
		{ABADE85C-8B3D-4D60-B338-373D5A7D1EF3}.Debug|x64.ActiveCfg = Debug|Any CPU
		{ABADE85C-8B3D-4D60-B338-373D5A7D1EF3}.Debug|x64.Build.0 = Debug|Any CPU
		{ABADE85C-8B3D-4D60-B338-373D5A7D1EF3}.Debug|x86.ActiveCfg = Debug|Any CPU
		{ABADE85C-8B3D-4D60-B338-373D5A7D1EF3}.Debug|x86.Build.0 = Debug|Any CPU
		{ABADE85C-8B3D-4D60-B338-373D5A7D1EF3}.Release|Any CPU.ActiveCfg = Release|Any CPU
		{ABADE85C-8B3D-4D60-B338-373D5A7D1EF3}.Release|Any CPU.Build.0 = Release|Any CPU
		{ABADE85C-8B3D-4D60-B338-373D5A7D1EF3}.Release|x64.ActiveCfg = Release|Any CPU
		{ABADE85C-8B3D-4D60-B338-373D5A7D1EF3}.Release|x64.Build.0 = Release|Any CPU
		{ABADE85C-8B3D-4D60-B338-373D5A7D1EF3}.Release|x86.ActiveCfg = Release|Any CPU
		{ABADE85C-8B3D-4D60-B338-373D5A7D1EF3}.Release|x86.Build.0 = Release|Any CPU
		{D5025608-A5C1-430D-BD48-25F0FE98BBA6}.Debug|Any CPU.ActiveCfg = Debug|Any CPU
		{D5025608-A5C1-430D-BD48-25F0FE98BBA6}.Debug|Any CPU.Build.0 = Debug|Any CPU
		{D5025608-A5C1-430D-BD48-25F0FE98BBA6}.Debug|x64.ActiveCfg = Debug|Any CPU
		{D5025608-A5C1-430D-BD48-25F0FE98BBA6}.Debug|x64.Build.0 = Debug|Any CPU
		{D5025608-A5C1-430D-BD48-25F0FE98BBA6}.Debug|x86.ActiveCfg = Debug|Any CPU
		{D5025608-A5C1-430D-BD48-25F0FE98BBA6}.Debug|x86.Build.0 = Debug|Any CPU
		{D5025608-A5C1-430D-BD48-25F0FE98BBA6}.Release|Any CPU.ActiveCfg = Release|Any CPU
		{D5025608-A5C1-430D-BD48-25F0FE98BBA6}.Release|Any CPU.Build.0 = Release|Any CPU
		{D5025608-A5C1-430D-BD48-25F0FE98BBA6}.Release|x64.ActiveCfg = Release|Any CPU
		{D5025608-A5C1-430D-BD48-25F0FE98BBA6}.Release|x64.Build.0 = Release|Any CPU
		{D5025608-A5C1-430D-BD48-25F0FE98BBA6}.Release|x86.ActiveCfg = Release|Any CPU
		{D5025608-A5C1-430D-BD48-25F0FE98BBA6}.Release|x86.Build.0 = Release|Any CPU
		{9D85B750-3B14-447B-A180-EE48ACB0578C}.Debug|Any CPU.ActiveCfg = Debug|Any CPU
		{9D85B750-3B14-447B-A180-EE48ACB0578C}.Debug|Any CPU.Build.0 = Debug|Any CPU
		{9D85B750-3B14-447B-A180-EE48ACB0578C}.Debug|x64.ActiveCfg = Debug|Any CPU
		{9D85B750-3B14-447B-A180-EE48ACB0578C}.Debug|x64.Build.0 = Debug|Any CPU
		{9D85B750-3B14-447B-A180-EE48ACB0578C}.Debug|x86.ActiveCfg = Debug|Any CPU
		{9D85B750-3B14-447B-A180-EE48ACB0578C}.Debug|x86.Build.0 = Debug|Any CPU
		{9D85B750-3B14-447B-A180-EE48ACB0578C}.Release|Any CPU.ActiveCfg = Release|Any CPU
		{9D85B750-3B14-447B-A180-EE48ACB0578C}.Release|Any CPU.Build.0 = Release|Any CPU
		{9D85B750-3B14-447B-A180-EE48ACB0578C}.Release|x64.ActiveCfg = Release|Any CPU
		{9D85B750-3B14-447B-A180-EE48ACB0578C}.Release|x64.Build.0 = Release|Any CPU
		{9D85B750-3B14-447B-A180-EE48ACB0578C}.Release|x86.ActiveCfg = Release|Any CPU
		{9D85B750-3B14-447B-A180-EE48ACB0578C}.Release|x86.Build.0 = Release|Any CPU
		{F31C69B1-4FDA-4E49-AA24-FE47FF48EF4A}.Debug|Any CPU.ActiveCfg = Debug|Any CPU
		{F31C69B1-4FDA-4E49-AA24-FE47FF48EF4A}.Debug|Any CPU.Build.0 = Debug|Any CPU
		{F31C69B1-4FDA-4E49-AA24-FE47FF48EF4A}.Debug|x64.ActiveCfg = Debug|Any CPU
		{F31C69B1-4FDA-4E49-AA24-FE47FF48EF4A}.Debug|x64.Build.0 = Debug|Any CPU
		{F31C69B1-4FDA-4E49-AA24-FE47FF48EF4A}.Debug|x86.ActiveCfg = Debug|Any CPU
		{F31C69B1-4FDA-4E49-AA24-FE47FF48EF4A}.Debug|x86.Build.0 = Debug|Any CPU
		{F31C69B1-4FDA-4E49-AA24-FE47FF48EF4A}.Release|Any CPU.ActiveCfg = Release|Any CPU
		{F31C69B1-4FDA-4E49-AA24-FE47FF48EF4A}.Release|Any CPU.Build.0 = Release|Any CPU
		{F31C69B1-4FDA-4E49-AA24-FE47FF48EF4A}.Release|x64.ActiveCfg = Release|Any CPU
		{F31C69B1-4FDA-4E49-AA24-FE47FF48EF4A}.Release|x64.Build.0 = Release|Any CPU
		{F31C69B1-4FDA-4E49-AA24-FE47FF48EF4A}.Release|x86.ActiveCfg = Release|Any CPU
		{F31C69B1-4FDA-4E49-AA24-FE47FF48EF4A}.Release|x86.Build.0 = Release|Any CPU
		{34FBAD42-E924-4149-9ACE-E0FB092FAE4F}.Debug|Any CPU.ActiveCfg = Debug|Any CPU
		{34FBAD42-E924-4149-9ACE-E0FB092FAE4F}.Debug|Any CPU.Build.0 = Debug|Any CPU
		{34FBAD42-E924-4149-9ACE-E0FB092FAE4F}.Debug|x64.ActiveCfg = Debug|Any CPU
		{34FBAD42-E924-4149-9ACE-E0FB092FAE4F}.Debug|x64.Build.0 = Debug|Any CPU
		{34FBAD42-E924-4149-9ACE-E0FB092FAE4F}.Debug|x86.ActiveCfg = Debug|Any CPU
		{34FBAD42-E924-4149-9ACE-E0FB092FAE4F}.Debug|x86.Build.0 = Debug|Any CPU
		{34FBAD42-E924-4149-9ACE-E0FB092FAE4F}.Release|Any CPU.ActiveCfg = Release|Any CPU
		{34FBAD42-E924-4149-9ACE-E0FB092FAE4F}.Release|Any CPU.Build.0 = Release|Any CPU
		{34FBAD42-E924-4149-9ACE-E0FB092FAE4F}.Release|x64.ActiveCfg = Release|Any CPU
		{34FBAD42-E924-4149-9ACE-E0FB092FAE4F}.Release|x64.Build.0 = Release|Any CPU
		{34FBAD42-E924-4149-9ACE-E0FB092FAE4F}.Release|x86.ActiveCfg = Release|Any CPU
		{34FBAD42-E924-4149-9ACE-E0FB092FAE4F}.Release|x86.Build.0 = Release|Any CPU
		{67E0C0DA-69ED-4896-B237-5BE0DD026922}.Debug|Any CPU.ActiveCfg = Debug|Any CPU
		{67E0C0DA-69ED-4896-B237-5BE0DD026922}.Debug|Any CPU.Build.0 = Debug|Any CPU
		{67E0C0DA-69ED-4896-B237-5BE0DD026922}.Debug|x64.ActiveCfg = Debug|Any CPU
		{67E0C0DA-69ED-4896-B237-5BE0DD026922}.Debug|x64.Build.0 = Debug|Any CPU
		{67E0C0DA-69ED-4896-B237-5BE0DD026922}.Debug|x86.ActiveCfg = Debug|Any CPU
		{67E0C0DA-69ED-4896-B237-5BE0DD026922}.Debug|x86.Build.0 = Debug|Any CPU
		{67E0C0DA-69ED-4896-B237-5BE0DD026922}.Release|Any CPU.ActiveCfg = Release|Any CPU
		{67E0C0DA-69ED-4896-B237-5BE0DD026922}.Release|Any CPU.Build.0 = Release|Any CPU
		{67E0C0DA-69ED-4896-B237-5BE0DD026922}.Release|x64.ActiveCfg = Release|Any CPU
		{67E0C0DA-69ED-4896-B237-5BE0DD026922}.Release|x64.Build.0 = Release|Any CPU
		{67E0C0DA-69ED-4896-B237-5BE0DD026922}.Release|x86.ActiveCfg = Release|Any CPU
		{67E0C0DA-69ED-4896-B237-5BE0DD026922}.Release|x86.Build.0 = Release|Any CPU
		{9BBD08CE-28EC-4654-80B5-57345539B071}.Debug|Any CPU.ActiveCfg = Debug|Any CPU
		{9BBD08CE-28EC-4654-80B5-57345539B071}.Debug|Any CPU.Build.0 = Debug|Any CPU
		{9BBD08CE-28EC-4654-80B5-57345539B071}.Debug|x64.ActiveCfg = Debug|Any CPU
		{9BBD08CE-28EC-4654-80B5-57345539B071}.Debug|x64.Build.0 = Debug|Any CPU
		{9BBD08CE-28EC-4654-80B5-57345539B071}.Debug|x86.ActiveCfg = Debug|Any CPU
		{9BBD08CE-28EC-4654-80B5-57345539B071}.Debug|x86.Build.0 = Debug|Any CPU
		{9BBD08CE-28EC-4654-80B5-57345539B071}.Release|Any CPU.ActiveCfg = Release|Any CPU
		{9BBD08CE-28EC-4654-80B5-57345539B071}.Release|Any CPU.Build.0 = Release|Any CPU
		{9BBD08CE-28EC-4654-80B5-57345539B071}.Release|x64.ActiveCfg = Release|Any CPU
		{9BBD08CE-28EC-4654-80B5-57345539B071}.Release|x64.Build.0 = Release|Any CPU
		{9BBD08CE-28EC-4654-80B5-57345539B071}.Release|x86.ActiveCfg = Release|Any CPU
		{9BBD08CE-28EC-4654-80B5-57345539B071}.Release|x86.Build.0 = Release|Any CPU
		{74AB8845-87EE-4FA0-83FB-152BAD819014}.Debug|Any CPU.ActiveCfg = Debug|Any CPU
		{74AB8845-87EE-4FA0-83FB-152BAD819014}.Debug|Any CPU.Build.0 = Debug|Any CPU
		{74AB8845-87EE-4FA0-83FB-152BAD819014}.Debug|x64.ActiveCfg = Debug|Any CPU
		{74AB8845-87EE-4FA0-83FB-152BAD819014}.Debug|x64.Build.0 = Debug|Any CPU
		{74AB8845-87EE-4FA0-83FB-152BAD819014}.Debug|x86.ActiveCfg = Debug|Any CPU
		{74AB8845-87EE-4FA0-83FB-152BAD819014}.Debug|x86.Build.0 = Debug|Any CPU
		{74AB8845-87EE-4FA0-83FB-152BAD819014}.Release|Any CPU.ActiveCfg = Release|Any CPU
		{74AB8845-87EE-4FA0-83FB-152BAD819014}.Release|Any CPU.Build.0 = Release|Any CPU
		{74AB8845-87EE-4FA0-83FB-152BAD819014}.Release|x64.ActiveCfg = Release|Any CPU
		{74AB8845-87EE-4FA0-83FB-152BAD819014}.Release|x64.Build.0 = Release|Any CPU
		{74AB8845-87EE-4FA0-83FB-152BAD819014}.Release|x86.ActiveCfg = Release|Any CPU
		{74AB8845-87EE-4FA0-83FB-152BAD819014}.Release|x86.Build.0 = Release|Any CPU
		{F4F14078-FEDF-4C06-A9B0-1557F0F5B4F8}.Debug|Any CPU.ActiveCfg = Debug|Any CPU
		{F4F14078-FEDF-4C06-A9B0-1557F0F5B4F8}.Debug|Any CPU.Build.0 = Debug|Any CPU
		{F4F14078-FEDF-4C06-A9B0-1557F0F5B4F8}.Debug|x64.ActiveCfg = Debug|Any CPU
		{F4F14078-FEDF-4C06-A9B0-1557F0F5B4F8}.Debug|x64.Build.0 = Debug|Any CPU
		{F4F14078-FEDF-4C06-A9B0-1557F0F5B4F8}.Debug|x86.ActiveCfg = Debug|Any CPU
		{F4F14078-FEDF-4C06-A9B0-1557F0F5B4F8}.Debug|x86.Build.0 = Debug|Any CPU
		{F4F14078-FEDF-4C06-A9B0-1557F0F5B4F8}.Release|Any CPU.ActiveCfg = Release|Any CPU
		{F4F14078-FEDF-4C06-A9B0-1557F0F5B4F8}.Release|Any CPU.Build.0 = Release|Any CPU
		{F4F14078-FEDF-4C06-A9B0-1557F0F5B4F8}.Release|x64.ActiveCfg = Release|Any CPU
		{F4F14078-FEDF-4C06-A9B0-1557F0F5B4F8}.Release|x64.Build.0 = Release|Any CPU
		{F4F14078-FEDF-4C06-A9B0-1557F0F5B4F8}.Release|x86.ActiveCfg = Release|Any CPU
		{F4F14078-FEDF-4C06-A9B0-1557F0F5B4F8}.Release|x86.Build.0 = Release|Any CPU
		{0A3AB0B4-9E22-4A72-BE31-77CDBA7FBCDD}.Debug|Any CPU.ActiveCfg = Debug|Any CPU
		{0A3AB0B4-9E22-4A72-BE31-77CDBA7FBCDD}.Debug|Any CPU.Build.0 = Debug|Any CPU
		{0A3AB0B4-9E22-4A72-BE31-77CDBA7FBCDD}.Debug|x64.ActiveCfg = Debug|Any CPU
		{0A3AB0B4-9E22-4A72-BE31-77CDBA7FBCDD}.Debug|x64.Build.0 = Debug|Any CPU
		{0A3AB0B4-9E22-4A72-BE31-77CDBA7FBCDD}.Debug|x86.ActiveCfg = Debug|Any CPU
		{0A3AB0B4-9E22-4A72-BE31-77CDBA7FBCDD}.Debug|x86.Build.0 = Debug|Any CPU
		{0A3AB0B4-9E22-4A72-BE31-77CDBA7FBCDD}.Release|Any CPU.ActiveCfg = Release|Any CPU
		{0A3AB0B4-9E22-4A72-BE31-77CDBA7FBCDD}.Release|Any CPU.Build.0 = Release|Any CPU
		{0A3AB0B4-9E22-4A72-BE31-77CDBA7FBCDD}.Release|x64.ActiveCfg = Release|Any CPU
		{0A3AB0B4-9E22-4A72-BE31-77CDBA7FBCDD}.Release|x64.Build.0 = Release|Any CPU
		{0A3AB0B4-9E22-4A72-BE31-77CDBA7FBCDD}.Release|x86.ActiveCfg = Release|Any CPU
		{0A3AB0B4-9E22-4A72-BE31-77CDBA7FBCDD}.Release|x86.Build.0 = Release|Any CPU
	EndGlobalSection
	GlobalSection(SolutionProperties) = preSolution
		HideSolutionNode = FALSE
	EndGlobalSection
	GlobalSection(NestedProjects) = preSolution
		{D17438D7-A41D-4D16-B3BE-C0C20A18093C} = {25AE5A14-81B1-4B5A-A9F3-8EB86CD468BC}
		{5C9BFC72-6B4A-45B1-906C-AC8B34C8DDEC} = {25AE5A14-81B1-4B5A-A9F3-8EB86CD468BC}
		{9B074D2F-776F-42F7-A16E-1F9C7515F5CB} = {25AE5A14-81B1-4B5A-A9F3-8EB86CD468BC}
		{7652F634-B614-4786-9DDF-E86CA8EA3956} = {25AE5A14-81B1-4B5A-A9F3-8EB86CD468BC}
		{4C87D754-7440-4770-87F8-BEF00DEC9409} = {25AE5A14-81B1-4B5A-A9F3-8EB86CD468BC}
		{97CD4DB4-329C-430B-B8B9-E4F5F90A6B2A} = {25AE5A14-81B1-4B5A-A9F3-8EB86CD468BC}
		{842CABE7-8003-476F-93CF-B1DD00272AFB} = {25AE5A14-81B1-4B5A-A9F3-8EB86CD468BC}
		{87BCE71A-2275-41E8-83FC-4A2A27BAE0C8} = {25AE5A14-81B1-4B5A-A9F3-8EB86CD468BC}
		{ABADE85C-8B3D-4D60-B338-373D5A7D1EF3} = {25AE5A14-81B1-4B5A-A9F3-8EB86CD468BC}
		{D5025608-A5C1-430D-BD48-25F0FE98BBA6} = {25AE5A14-81B1-4B5A-A9F3-8EB86CD468BC}
		{183493E3-26C7-4917-B2F4-967AAE99AC8E} = {D656D1B9-4F13-4BAB-9117-60F22C30F331}
		{25AE5A14-81B1-4B5A-A9F3-8EB86CD468BC} = {D656D1B9-4F13-4BAB-9117-60F22C30F331}
		{ED91C979-4E19-4C22-B5DE-AEC89BF52FA0} = {183493E3-26C7-4917-B2F4-967AAE99AC8E}
		{5944C370-C514-4C05-B765-7473DD654678} = {42EDE4F6-F2C1-443B-B3BD-9AC0108635B7}
		{42EDE4F6-F2C1-443B-B3BD-9AC0108635B7} = {D656D1B9-4F13-4BAB-9117-60F22C30F331}
		{DA66D2E5-2B59-456D-AA54-2AA9D7A5A490} = {D656D1B9-4F13-4BAB-9117-60F22C30F331}
		{FE4F367A-F8F3-4DF5-800E-9EBEAA0F53F9} = {DA66D2E5-2B59-456D-AA54-2AA9D7A5A490}
		{22F067DA-DB97-4384-BE3B-888DF0312DAE} = {FE4F367A-F8F3-4DF5-800E-9EBEAA0F53F9}
		{9D85B750-3B14-447B-A180-EE48ACB0578C} = {FE4F367A-F8F3-4DF5-800E-9EBEAA0F53F9}
		{6D5E8F88-6580-42EF-AD7E-478D2BECB724} = {FE4F367A-F8F3-4DF5-800E-9EBEAA0F53F9}
		{91FDBA4C-C0E8-4ADE-96D4-C6ED33073166} = {FE4F367A-F8F3-4DF5-800E-9EBEAA0F53F9}
		{B8905A6D-15E6-458A-89F6-63C7795792F1} = {FE4F367A-F8F3-4DF5-800E-9EBEAA0F53F9}
		{BC1AAE8B-FDB2-4017-B565-81125E6D4E12} = {D656D1B9-4F13-4BAB-9117-60F22C30F331}
		{D9F1BF2F-2787-4474-A772-BA1F0208FB7D} = {BC1AAE8B-FDB2-4017-B565-81125E6D4E12}
		{5343E86C-A6D9-4161-8D96-307AEB9D8986} = {22F067DA-DB97-4384-BE3B-888DF0312DAE}
		{4B6D6015-E492-4042-BCAF-3426184B034D} = {22F067DA-DB97-4384-BE3B-888DF0312DAE}
		{639C95A6-923B-4626-BCC0-A8C4D70C89A3} = {D656D1B9-4F13-4BAB-9117-60F22C30F331}
		{BE907AE8-813D-4E29-986E-79AF5E16445E} = {DA66D2E5-2B59-456D-AA54-2AA9D7A5A490}
		{9BB6DD3A-EA4A-47D8-AD27-D53CB520A2AA} = {BE907AE8-813D-4E29-986E-79AF5E16445E}
		{F31C69B1-4FDA-4E49-AA24-FE47FF48EF4A} = {BE907AE8-813D-4E29-986E-79AF5E16445E}
		{34FBAD42-E924-4149-9ACE-E0FB092FAE4F} = {BE907AE8-813D-4E29-986E-79AF5E16445E}
		{67E0C0DA-69ED-4896-B237-5BE0DD026922} = {BE907AE8-813D-4E29-986E-79AF5E16445E}
		{9BBD08CE-28EC-4654-80B5-57345539B071} = {9BB6DD3A-EA4A-47D8-AD27-D53CB520A2AA}
		{74AB8845-87EE-4FA0-83FB-152BAD819014} = {9BB6DD3A-EA4A-47D8-AD27-D53CB520A2AA}
		{F4F14078-FEDF-4C06-A9B0-1557F0F5B4F8} = {BC1AAE8B-FDB2-4017-B565-81125E6D4E12}
		{0A3AB0B4-9E22-4A72-BE31-77CDBA7FBCDD} = {BE907AE8-813D-4E29-986E-79AF5E16445E}
	EndGlobalSection
	GlobalSection(ExtensibilityGlobals) = postSolution
		SolutionGuid = {083F9D38-7496-44CA-B1E2-9C04BA3DD0A6}
	EndGlobalSection
	GlobalSection(MonoDevelopProperties) = preSolution
		Policies = $0
		$0.DotNetNamingPolicy = $1
		$1.DirectoryNamespaceAssociation = PrefixedHierarchical
		$0.TextStylePolicy = $2
		$2.inheritsSet = null
		$2.scope = text/x-csharp
		$0.CSharpFormattingPolicy = $3
		$3.scope = text/x-csharp
	EndGlobalSection
EndGlobal
