
Microsoft Visual Studio Solution File, Format Version 12.00
# Visual Studio Version 16
VisualStudioVersion = 16.0.29806.167
MinimumVisualStudioVersion = 15.0.26124.0
Project("{2150E333-8FDC-42A3-9474-1A3956D46DE8}") = "0.Architecture", "0.Architecture", "{021329ED-4CB0-46EA-B3FD-BDDFE43EC359}"
EndProject
Project("{2150E333-8FDC-42A3-9474-1A3956D46DE8}") = "Solution Items", "Solution Items", "{CD45B216-6211-42CF-922B-7145CB050457}"
ProjectSection(SolutionItems) = preProject
	Directory.Build.props = Directory.Build.props
	.editorconfig = .editorconfig
EndProjectSection
EndProject
Project("{2150E333-8FDC-42A3-9474-1A3956D46DE8}") = "1.Presentation", "1.Presentation", "{5BE1289E-0374-4C88-884B-DF17A878B3F4}"
EndProject
Project("{2150E333-8FDC-42A3-9474-1A3956D46DE8}") = "2.Application", "2.Application", "{536BFBD5-C39A-473D-AA93-28DBA0A21265}"
EndProject
Project("{2150E333-8FDC-42A3-9474-1A3956D46DE8}") = "3.Domain", "3.Domain", "{62C8988F-0621-4B38-B046-CD32C83D6912}"
EndProject
Project("{2150E333-8FDC-42A3-9474-1A3956D46DE8}") = "1.1.Hosting", "1.1.Hosting", "{A2D099C3-AA77-4D48-ABA0-BDAF49EB339C}"
EndProject
Project("{2150E333-8FDC-42A3-9474-1A3956D46DE8}") = "1.2.Infrastructure", "1.2.Infrastructure", "{EE442EA7-EB69-4695-8F21-4D3F79228E50}"
EndProject
Project("{FAE04EC0-301F-11D3-BF4B-00C04F79EFBC}") = "Domain", "Domain\Domain.csproj", "{B8905A6D-15E6-458A-89F6-63C7795792F1}"
EndProject
Project("{FAE04EC0-301F-11D3-BF4B-00C04F79EFBC}") = "Application.Accounts", "Application.Accounts\Application.Accounts.csproj", "{377C2769-FE20-4D37-846A-10D9CA71C4CF}"
EndProject
Project("{2150E333-8FDC-42A3-9474-1A3956D46DE8}") = "4.Tests", "4.Tests", "{1D475453-64AC-4F3B-ADC0-70794B35F900}"
ProjectSection(SolutionItems) = preProject
	tests\Directory.Build.props = tests\Directory.Build.props
EndProjectSection
EndProject
Project("{FAE04EC0-301F-11D3-BF4B-00C04F79EFBC}") = "Application.Tests", "tests\Application.Tests\Application.Tests.csproj", "{5343E86C-A6D9-4161-8D96-307AEB9D8986}"
EndProject
Project("{FAE04EC0-301F-11D3-BF4B-00C04F79EFBC}") = "Domain.Tests", "tests\Domain.Tests\Domain.Tests.csproj", "{57695F53-376C-4696-86C7-06FD3BDDCA7A}"
EndProject
Project("{FAE04EC0-301F-11D3-BF4B-00C04F79EFBC}") = "Infrastructure.Database.IntegrationTests", "tests\Infrastructure.Database.IntegrationTests\Infrastructure.Database.IntegrationTests.csproj", "{4B6D6015-E492-4042-BCAF-3426184B034D}"
EndProject
Project("{FAE04EC0-301F-11D3-BF4B-00C04F79EFBC}") = "Infrastructure.Database", "Infrastructure.Database\Infrastructure.Database.csproj", "{6D5E8F88-6580-42EF-AD7E-478D2BECB724}"
EndProject
Project("{FAE04EC0-301F-11D3-BF4B-00C04F79EFBC}") = "Hosting.Accounts.API", "Hosting.Accounts.API\Hosting.Accounts.API.csproj", "{87F4F651-E43C-44D9-8771-1E1D5B6C2E91}"
EndProject
Project("{FAE04EC0-301F-11D3-BF4B-00C04F79EFBC}") = "Hosting.Gateway.API", "Hosting.Gateway.API\Hosting.Gateway.API.csproj", "{5944C370-C514-4C05-B765-7473DD654678}"
EndProject
Project("{FAE04EC0-301F-11D3-BF4B-00C04F79EFBC}") = "Hosting.Holefeeder.UI", "Hosting.Holefeeder.UI\Hosting.Holefeeder.UI.csproj", "{ED91C979-4E19-4C22-B5DE-AEC89BF52FA0}"
EndProject
Project("{FAE04EC0-301F-11D3-BF4B-00C04F79EFBC}") = "Hosting.Users.API", "Hosting.Users.API\Hosting.Users.API.csproj", "{8E4F31C3-5C77-4375-800F-3220AE141957}"
EndProject
Project("{FAE04EC0-301F-11D3-BF4B-00C04F79EFBC}") = "Infrastructure.Database.Tests", "tests\Infrastructure.Database.Tests\Infrastructure.Database.Tests.csproj", "{AC5C6353-80CE-4B12-98F0-287E76E68A87}"
EndProject
Project("{FAE04EC0-301F-11D3-BF4B-00C04F79EFBC}") = "Application.Transactions", "Application.Transactions\Application.Transactions.csproj", "{91FDBA4C-C0E8-4ADE-96D4-C6ED33073166}"
EndProject
Project("{FAE04EC0-301F-11D3-BF4B-00C04F79EFBC}") = "Application.SeedWork", "Application.SeedWork\Application.SeedWork.csproj", "{4FFC6550-1B7A-439F-9EAE-80D303A0A6DE}"
EndProject
Global
	GlobalSection(SolutionConfigurationPlatforms) = preSolution
		Debug|Any CPU = Debug|Any CPU
		Debug|x64 = Debug|x64
		Debug|x86 = Debug|x86
		Release|Any CPU = Release|Any CPU
		Release|x64 = Release|x64
		Release|x86 = Release|x86
	EndGlobalSection
	GlobalSection(ProjectConfigurationPlatforms) = postSolution
		{B8905A6D-15E6-458A-89F6-63C7795792F1}.Debug|Any CPU.ActiveCfg = Debug|Any CPU
		{B8905A6D-15E6-458A-89F6-63C7795792F1}.Debug|Any CPU.Build.0 = Debug|Any CPU
		{B8905A6D-15E6-458A-89F6-63C7795792F1}.Debug|x64.ActiveCfg = Debug|Any CPU
		{B8905A6D-15E6-458A-89F6-63C7795792F1}.Debug|x64.Build.0 = Debug|Any CPU
		{B8905A6D-15E6-458A-89F6-63C7795792F1}.Debug|x86.ActiveCfg = Debug|Any CPU
		{B8905A6D-15E6-458A-89F6-63C7795792F1}.Debug|x86.Build.0 = Debug|Any CPU
		{B8905A6D-15E6-458A-89F6-63C7795792F1}.Release|Any CPU.ActiveCfg = Release|Any CPU
		{B8905A6D-15E6-458A-89F6-63C7795792F1}.Release|Any CPU.Build.0 = Release|Any CPU
		{B8905A6D-15E6-458A-89F6-63C7795792F1}.Release|x64.ActiveCfg = Release|Any CPU
		{B8905A6D-15E6-458A-89F6-63C7795792F1}.Release|x64.Build.0 = Release|Any CPU
		{B8905A6D-15E6-458A-89F6-63C7795792F1}.Release|x86.ActiveCfg = Release|Any CPU
		{B8905A6D-15E6-458A-89F6-63C7795792F1}.Release|x86.Build.0 = Release|Any CPU
		{377C2769-FE20-4D37-846A-10D9CA71C4CF}.Debug|Any CPU.ActiveCfg = Debug|Any CPU
		{377C2769-FE20-4D37-846A-10D9CA71C4CF}.Debug|Any CPU.Build.0 = Debug|Any CPU
		{377C2769-FE20-4D37-846A-10D9CA71C4CF}.Debug|x64.ActiveCfg = Debug|Any CPU
		{377C2769-FE20-4D37-846A-10D9CA71C4CF}.Debug|x64.Build.0 = Debug|Any CPU
		{377C2769-FE20-4D37-846A-10D9CA71C4CF}.Debug|x86.ActiveCfg = Debug|Any CPU
		{377C2769-FE20-4D37-846A-10D9CA71C4CF}.Debug|x86.Build.0 = Debug|Any CPU
		{377C2769-FE20-4D37-846A-10D9CA71C4CF}.Release|Any CPU.ActiveCfg = Release|Any CPU
		{377C2769-FE20-4D37-846A-10D9CA71C4CF}.Release|Any CPU.Build.0 = Release|Any CPU
		{377C2769-FE20-4D37-846A-10D9CA71C4CF}.Release|x64.ActiveCfg = Release|Any CPU
		{377C2769-FE20-4D37-846A-10D9CA71C4CF}.Release|x64.Build.0 = Release|Any CPU
		{377C2769-FE20-4D37-846A-10D9CA71C4CF}.Release|x86.ActiveCfg = Release|Any CPU
		{377C2769-FE20-4D37-846A-10D9CA71C4CF}.Release|x86.Build.0 = Release|Any CPU
		{5343E86C-A6D9-4161-8D96-307AEB9D8986}.Debug|Any CPU.ActiveCfg = Debug|Any CPU
		{5343E86C-A6D9-4161-8D96-307AEB9D8986}.Debug|Any CPU.Build.0 = Debug|Any CPU
		{5343E86C-A6D9-4161-8D96-307AEB9D8986}.Debug|x64.ActiveCfg = Debug|Any CPU
		{5343E86C-A6D9-4161-8D96-307AEB9D8986}.Debug|x64.Build.0 = Debug|Any CPU
		{5343E86C-A6D9-4161-8D96-307AEB9D8986}.Debug|x86.ActiveCfg = Debug|Any CPU
		{5343E86C-A6D9-4161-8D96-307AEB9D8986}.Debug|x86.Build.0 = Debug|Any CPU
		{5343E86C-A6D9-4161-8D96-307AEB9D8986}.Release|Any CPU.ActiveCfg = Release|Any CPU
		{5343E86C-A6D9-4161-8D96-307AEB9D8986}.Release|Any CPU.Build.0 = Release|Any CPU
		{5343E86C-A6D9-4161-8D96-307AEB9D8986}.Release|x64.ActiveCfg = Release|Any CPU
		{5343E86C-A6D9-4161-8D96-307AEB9D8986}.Release|x64.Build.0 = Release|Any CPU
		{5343E86C-A6D9-4161-8D96-307AEB9D8986}.Release|x86.ActiveCfg = Release|Any CPU
		{5343E86C-A6D9-4161-8D96-307AEB9D8986}.Release|x86.Build.0 = Release|Any CPU
		{57695F53-376C-4696-86C7-06FD3BDDCA7A}.Debug|Any CPU.ActiveCfg = Debug|Any CPU
		{57695F53-376C-4696-86C7-06FD3BDDCA7A}.Debug|Any CPU.Build.0 = Debug|Any CPU
		{57695F53-376C-4696-86C7-06FD3BDDCA7A}.Debug|x64.ActiveCfg = Debug|Any CPU
		{57695F53-376C-4696-86C7-06FD3BDDCA7A}.Debug|x64.Build.0 = Debug|Any CPU
		{57695F53-376C-4696-86C7-06FD3BDDCA7A}.Debug|x86.ActiveCfg = Debug|Any CPU
		{57695F53-376C-4696-86C7-06FD3BDDCA7A}.Debug|x86.Build.0 = Debug|Any CPU
		{57695F53-376C-4696-86C7-06FD3BDDCA7A}.Release|Any CPU.ActiveCfg = Release|Any CPU
		{57695F53-376C-4696-86C7-06FD3BDDCA7A}.Release|Any CPU.Build.0 = Release|Any CPU
		{57695F53-376C-4696-86C7-06FD3BDDCA7A}.Release|x64.ActiveCfg = Release|Any CPU
		{57695F53-376C-4696-86C7-06FD3BDDCA7A}.Release|x64.Build.0 = Release|Any CPU
		{57695F53-376C-4696-86C7-06FD3BDDCA7A}.Release|x86.ActiveCfg = Release|Any CPU
		{57695F53-376C-4696-86C7-06FD3BDDCA7A}.Release|x86.Build.0 = Release|Any CPU
		{4B6D6015-E492-4042-BCAF-3426184B034D}.Debug|Any CPU.ActiveCfg = Debug|Any CPU
		{4B6D6015-E492-4042-BCAF-3426184B034D}.Debug|Any CPU.Build.0 = Debug|Any CPU
		{4B6D6015-E492-4042-BCAF-3426184B034D}.Debug|x64.ActiveCfg = Debug|Any CPU
		{4B6D6015-E492-4042-BCAF-3426184B034D}.Debug|x64.Build.0 = Debug|Any CPU
		{4B6D6015-E492-4042-BCAF-3426184B034D}.Debug|x86.ActiveCfg = Debug|Any CPU
		{4B6D6015-E492-4042-BCAF-3426184B034D}.Debug|x86.Build.0 = Debug|Any CPU
		{4B6D6015-E492-4042-BCAF-3426184B034D}.Release|Any CPU.ActiveCfg = Release|Any CPU
		{4B6D6015-E492-4042-BCAF-3426184B034D}.Release|Any CPU.Build.0 = Release|Any CPU
		{4B6D6015-E492-4042-BCAF-3426184B034D}.Release|x64.ActiveCfg = Release|Any CPU
		{4B6D6015-E492-4042-BCAF-3426184B034D}.Release|x64.Build.0 = Release|Any CPU
		{4B6D6015-E492-4042-BCAF-3426184B034D}.Release|x86.ActiveCfg = Release|Any CPU
		{4B6D6015-E492-4042-BCAF-3426184B034D}.Release|x86.Build.0 = Release|Any CPU
		{6D5E8F88-6580-42EF-AD7E-478D2BECB724}.Debug|Any CPU.ActiveCfg = Debug|Any CPU
		{6D5E8F88-6580-42EF-AD7E-478D2BECB724}.Debug|Any CPU.Build.0 = Debug|Any CPU
		{6D5E8F88-6580-42EF-AD7E-478D2BECB724}.Debug|x64.ActiveCfg = Debug|Any CPU
		{6D5E8F88-6580-42EF-AD7E-478D2BECB724}.Debug|x64.Build.0 = Debug|Any CPU
		{6D5E8F88-6580-42EF-AD7E-478D2BECB724}.Debug|x86.ActiveCfg = Debug|Any CPU
		{6D5E8F88-6580-42EF-AD7E-478D2BECB724}.Debug|x86.Build.0 = Debug|Any CPU
		{6D5E8F88-6580-42EF-AD7E-478D2BECB724}.Release|Any CPU.ActiveCfg = Release|Any CPU
		{6D5E8F88-6580-42EF-AD7E-478D2BECB724}.Release|Any CPU.Build.0 = Release|Any CPU
		{6D5E8F88-6580-42EF-AD7E-478D2BECB724}.Release|x64.ActiveCfg = Release|Any CPU
		{6D5E8F88-6580-42EF-AD7E-478D2BECB724}.Release|x64.Build.0 = Release|Any CPU
		{6D5E8F88-6580-42EF-AD7E-478D2BECB724}.Release|x86.ActiveCfg = Release|Any CPU
		{6D5E8F88-6580-42EF-AD7E-478D2BECB724}.Release|x86.Build.0 = Release|Any CPU
		{87F4F651-E43C-44D9-8771-1E1D5B6C2E91}.Debug|Any CPU.ActiveCfg = Debug|Any CPU
		{87F4F651-E43C-44D9-8771-1E1D5B6C2E91}.Debug|Any CPU.Build.0 = Debug|Any CPU
		{87F4F651-E43C-44D9-8771-1E1D5B6C2E91}.Debug|x64.ActiveCfg = Debug|Any CPU
		{87F4F651-E43C-44D9-8771-1E1D5B6C2E91}.Debug|x64.Build.0 = Debug|Any CPU
		{87F4F651-E43C-44D9-8771-1E1D5B6C2E91}.Debug|x86.ActiveCfg = Debug|Any CPU
		{87F4F651-E43C-44D9-8771-1E1D5B6C2E91}.Debug|x86.Build.0 = Debug|Any CPU
		{87F4F651-E43C-44D9-8771-1E1D5B6C2E91}.Release|Any CPU.ActiveCfg = Release|Any CPU
		{87F4F651-E43C-44D9-8771-1E1D5B6C2E91}.Release|Any CPU.Build.0 = Release|Any CPU
		{87F4F651-E43C-44D9-8771-1E1D5B6C2E91}.Release|x64.ActiveCfg = Release|Any CPU
		{87F4F651-E43C-44D9-8771-1E1D5B6C2E91}.Release|x64.Build.0 = Release|Any CPU
		{87F4F651-E43C-44D9-8771-1E1D5B6C2E91}.Release|x86.ActiveCfg = Release|Any CPU
		{87F4F651-E43C-44D9-8771-1E1D5B6C2E91}.Release|x86.Build.0 = Release|Any CPU
		{5944C370-C514-4C05-B765-7473DD654678}.Debug|Any CPU.ActiveCfg = Debug|Any CPU
		{5944C370-C514-4C05-B765-7473DD654678}.Debug|Any CPU.Build.0 = Debug|Any CPU
		{5944C370-C514-4C05-B765-7473DD654678}.Debug|x64.ActiveCfg = Debug|Any CPU
		{5944C370-C514-4C05-B765-7473DD654678}.Debug|x64.Build.0 = Debug|Any CPU
		{5944C370-C514-4C05-B765-7473DD654678}.Debug|x86.ActiveCfg = Debug|Any CPU
		{5944C370-C514-4C05-B765-7473DD654678}.Debug|x86.Build.0 = Debug|Any CPU
		{5944C370-C514-4C05-B765-7473DD654678}.Release|Any CPU.ActiveCfg = Release|Any CPU
		{5944C370-C514-4C05-B765-7473DD654678}.Release|Any CPU.Build.0 = Release|Any CPU
		{5944C370-C514-4C05-B765-7473DD654678}.Release|x64.ActiveCfg = Release|Any CPU
		{5944C370-C514-4C05-B765-7473DD654678}.Release|x64.Build.0 = Release|Any CPU
		{5944C370-C514-4C05-B765-7473DD654678}.Release|x86.ActiveCfg = Release|Any CPU
		{5944C370-C514-4C05-B765-7473DD654678}.Release|x86.Build.0 = Release|Any CPU
		{ED91C979-4E19-4C22-B5DE-AEC89BF52FA0}.Debug|Any CPU.ActiveCfg = Debug|Any CPU
		{ED91C979-4E19-4C22-B5DE-AEC89BF52FA0}.Debug|Any CPU.Build.0 = Debug|Any CPU
		{ED91C979-4E19-4C22-B5DE-AEC89BF52FA0}.Debug|x64.ActiveCfg = Debug|Any CPU
		{ED91C979-4E19-4C22-B5DE-AEC89BF52FA0}.Debug|x64.Build.0 = Debug|Any CPU
		{ED91C979-4E19-4C22-B5DE-AEC89BF52FA0}.Debug|x86.ActiveCfg = Debug|Any CPU
		{ED91C979-4E19-4C22-B5DE-AEC89BF52FA0}.Debug|x86.Build.0 = Debug|Any CPU
		{ED91C979-4E19-4C22-B5DE-AEC89BF52FA0}.Release|Any CPU.ActiveCfg = Release|Any CPU
		{ED91C979-4E19-4C22-B5DE-AEC89BF52FA0}.Release|Any CPU.Build.0 = Release|Any CPU
		{ED91C979-4E19-4C22-B5DE-AEC89BF52FA0}.Release|x64.ActiveCfg = Release|Any CPU
		{ED91C979-4E19-4C22-B5DE-AEC89BF52FA0}.Release|x64.Build.0 = Release|Any CPU
		{ED91C979-4E19-4C22-B5DE-AEC89BF52FA0}.Release|x86.ActiveCfg = Release|Any CPU
		{ED91C979-4E19-4C22-B5DE-AEC89BF52FA0}.Release|x86.Build.0 = Release|Any CPU
		{8E4F31C3-5C77-4375-800F-3220AE141957}.Debug|Any CPU.ActiveCfg = Debug|Any CPU
		{8E4F31C3-5C77-4375-800F-3220AE141957}.Debug|Any CPU.Build.0 = Debug|Any CPU
		{8E4F31C3-5C77-4375-800F-3220AE141957}.Debug|x64.ActiveCfg = Debug|Any CPU
		{8E4F31C3-5C77-4375-800F-3220AE141957}.Debug|x64.Build.0 = Debug|Any CPU
		{8E4F31C3-5C77-4375-800F-3220AE141957}.Debug|x86.ActiveCfg = Debug|Any CPU
		{8E4F31C3-5C77-4375-800F-3220AE141957}.Debug|x86.Build.0 = Debug|Any CPU
		{8E4F31C3-5C77-4375-800F-3220AE141957}.Release|Any CPU.ActiveCfg = Release|Any CPU
		{8E4F31C3-5C77-4375-800F-3220AE141957}.Release|Any CPU.Build.0 = Release|Any CPU
		{8E4F31C3-5C77-4375-800F-3220AE141957}.Release|x64.ActiveCfg = Release|Any CPU
		{8E4F31C3-5C77-4375-800F-3220AE141957}.Release|x64.Build.0 = Release|Any CPU
		{8E4F31C3-5C77-4375-800F-3220AE141957}.Release|x86.ActiveCfg = Release|Any CPU
		{8E4F31C3-5C77-4375-800F-3220AE141957}.Release|x86.Build.0 = Release|Any CPU
		{AC5C6353-80CE-4B12-98F0-287E76E68A87}.Debug|Any CPU.ActiveCfg = Debug|Any CPU
		{AC5C6353-80CE-4B12-98F0-287E76E68A87}.Debug|Any CPU.Build.0 = Debug|Any CPU
		{AC5C6353-80CE-4B12-98F0-287E76E68A87}.Debug|x64.ActiveCfg = Debug|Any CPU
		{AC5C6353-80CE-4B12-98F0-287E76E68A87}.Debug|x64.Build.0 = Debug|Any CPU
		{AC5C6353-80CE-4B12-98F0-287E76E68A87}.Debug|x86.ActiveCfg = Debug|Any CPU
		{AC5C6353-80CE-4B12-98F0-287E76E68A87}.Debug|x86.Build.0 = Debug|Any CPU
		{AC5C6353-80CE-4B12-98F0-287E76E68A87}.Release|Any CPU.ActiveCfg = Release|Any CPU
		{AC5C6353-80CE-4B12-98F0-287E76E68A87}.Release|Any CPU.Build.0 = Release|Any CPU
		{AC5C6353-80CE-4B12-98F0-287E76E68A87}.Release|x64.ActiveCfg = Release|Any CPU
		{AC5C6353-80CE-4B12-98F0-287E76E68A87}.Release|x64.Build.0 = Release|Any CPU
		{AC5C6353-80CE-4B12-98F0-287E76E68A87}.Release|x86.ActiveCfg = Release|Any CPU
		{AC5C6353-80CE-4B12-98F0-287E76E68A87}.Release|x86.Build.0 = Release|Any CPU
		{91FDBA4C-C0E8-4ADE-96D4-C6ED33073166}.Debug|Any CPU.ActiveCfg = Debug|Any CPU
		{91FDBA4C-C0E8-4ADE-96D4-C6ED33073166}.Debug|Any CPU.Build.0 = Debug|Any CPU
		{91FDBA4C-C0E8-4ADE-96D4-C6ED33073166}.Debug|x64.ActiveCfg = Debug|Any CPU
		{91FDBA4C-C0E8-4ADE-96D4-C6ED33073166}.Debug|x64.Build.0 = Debug|Any CPU
		{91FDBA4C-C0E8-4ADE-96D4-C6ED33073166}.Debug|x86.ActiveCfg = Debug|Any CPU
		{91FDBA4C-C0E8-4ADE-96D4-C6ED33073166}.Debug|x86.Build.0 = Debug|Any CPU
		{91FDBA4C-C0E8-4ADE-96D4-C6ED33073166}.Release|Any CPU.ActiveCfg = Release|Any CPU
		{91FDBA4C-C0E8-4ADE-96D4-C6ED33073166}.Release|Any CPU.Build.0 = Release|Any CPU
		{91FDBA4C-C0E8-4ADE-96D4-C6ED33073166}.Release|x64.ActiveCfg = Release|Any CPU
		{91FDBA4C-C0E8-4ADE-96D4-C6ED33073166}.Release|x64.Build.0 = Release|Any CPU
		{91FDBA4C-C0E8-4ADE-96D4-C6ED33073166}.Release|x86.ActiveCfg = Release|Any CPU
		{91FDBA4C-C0E8-4ADE-96D4-C6ED33073166}.Release|x86.Build.0 = Release|Any CPU
		{4FFC6550-1B7A-439F-9EAE-80D303A0A6DE}.Debug|Any CPU.ActiveCfg = Debug|Any CPU
		{4FFC6550-1B7A-439F-9EAE-80D303A0A6DE}.Debug|Any CPU.Build.0 = Debug|Any CPU
		{4FFC6550-1B7A-439F-9EAE-80D303A0A6DE}.Debug|x64.ActiveCfg = Debug|Any CPU
		{4FFC6550-1B7A-439F-9EAE-80D303A0A6DE}.Debug|x64.Build.0 = Debug|Any CPU
		{4FFC6550-1B7A-439F-9EAE-80D303A0A6DE}.Debug|x86.ActiveCfg = Debug|Any CPU
		{4FFC6550-1B7A-439F-9EAE-80D303A0A6DE}.Debug|x86.Build.0 = Debug|Any CPU
		{4FFC6550-1B7A-439F-9EAE-80D303A0A6DE}.Release|Any CPU.ActiveCfg = Release|Any CPU
		{4FFC6550-1B7A-439F-9EAE-80D303A0A6DE}.Release|Any CPU.Build.0 = Release|Any CPU
		{4FFC6550-1B7A-439F-9EAE-80D303A0A6DE}.Release|x64.ActiveCfg = Release|Any CPU
		{4FFC6550-1B7A-439F-9EAE-80D303A0A6DE}.Release|x64.Build.0 = Release|Any CPU
		{4FFC6550-1B7A-439F-9EAE-80D303A0A6DE}.Release|x86.ActiveCfg = Release|Any CPU
		{4FFC6550-1B7A-439F-9EAE-80D303A0A6DE}.Release|x86.Build.0 = Release|Any CPU
	EndGlobalSection
	GlobalSection(SolutionProperties) = preSolution
		HideSolutionNode = FALSE
	EndGlobalSection
	GlobalSection(NestedProjects) = preSolution
		{A2D099C3-AA77-4D48-ABA0-BDAF49EB339C} = {5BE1289E-0374-4C88-884B-DF17A878B3F4}
		{EE442EA7-EB69-4695-8F21-4D3F79228E50} = {5BE1289E-0374-4C88-884B-DF17A878B3F4}
		{B8905A6D-15E6-458A-89F6-63C7795792F1} = {62C8988F-0621-4B38-B046-CD32C83D6912}
		{377C2769-FE20-4D37-846A-10D9CA71C4CF} = {536BFBD5-C39A-473D-AA93-28DBA0A21265}
		{5343E86C-A6D9-4161-8D96-307AEB9D8986} = {1D475453-64AC-4F3B-ADC0-70794B35F900}
		{57695F53-376C-4696-86C7-06FD3BDDCA7A} = {1D475453-64AC-4F3B-ADC0-70794B35F900}
		{4B6D6015-E492-4042-BCAF-3426184B034D} = {1D475453-64AC-4F3B-ADC0-70794B35F900}
		{6D5E8F88-6580-42EF-AD7E-478D2BECB724} = {EE442EA7-EB69-4695-8F21-4D3F79228E50}
		{87F4F651-E43C-44D9-8771-1E1D5B6C2E91} = {A2D099C3-AA77-4D48-ABA0-BDAF49EB339C}
		{5944C370-C514-4C05-B765-7473DD654678} = {A2D099C3-AA77-4D48-ABA0-BDAF49EB339C}
		{ED91C979-4E19-4C22-B5DE-AEC89BF52FA0} = {A2D099C3-AA77-4D48-ABA0-BDAF49EB339C}
		{8E4F31C3-5C77-4375-800F-3220AE141957} = {A2D099C3-AA77-4D48-ABA0-BDAF49EB339C}
		{AC5C6353-80CE-4B12-98F0-287E76E68A87} = {1D475453-64AC-4F3B-ADC0-70794B35F900}
		{91FDBA4C-C0E8-4ADE-96D4-C6ED33073166} = {536BFBD5-C39A-473D-AA93-28DBA0A21265}
		{4FFC6550-1B7A-439F-9EAE-80D303A0A6DE} = {536BFBD5-C39A-473D-AA93-28DBA0A21265}
	EndGlobalSection
	GlobalSection(ExtensibilityGlobals) = postSolution
		SolutionGuid = {083F9D38-7496-44CA-B1E2-9C04BA3DD0A6}
	EndGlobalSection
	GlobalSection(MonoDevelopProperties) = preSolution
		Policies = $0
		$0.DotNetNamingPolicy = $1
		$1.DirectoryNamespaceAssociation = PrefixedHierarchical
		$0.TextStylePolicy = $2
		$2.inheritsSet = null
		$2.scope = text/x-csharp
		$0.CSharpFormattingPolicy = $3
		$3.scope = text/x-csharp
	EndGlobalSection
EndGlobal
